// !$*UTF8*$!
{
	archiveVersion = 1;
	classes = {
	};
	objectVersion = 46;
	objects = {

/* Begin PBXBuildFile section */
		D41CE21215C8FE02001716DE /* FrameRate.cpp in Sources */ = {isa = PBXBuildFile; fileRef = D41CE21115C8FE02001716DE /* FrameRate.cpp */; };
		D41CE21615C92E43001716DE /* Player.cpp in Sources */ = {isa = PBXBuildFile; fileRef = D41CE21515C92E43001716DE /* Player.cpp */; };
		D421436915C13270004B2450 /* Cocoa.framework in Frameworks */ = {isa = PBXBuildFile; fileRef = D421436815C13270004B2450 /* Cocoa.framework */; };
		D421437315C13271004B2450 /* InfoPlist.strings in Resources */ = {isa = PBXBuildFile; fileRef = D421437115C13271004B2450 /* InfoPlist.strings */; };
		D421437915C13271004B2450 /* Credits.rtf in Resources */ = {isa = PBXBuildFile; fileRef = D421437715C13271004B2450 /* Credits.rtf */; };
		D421438615C13303004B2450 /* SDL.framework in Frameworks */ = {isa = PBXBuildFile; fileRef = D421438515C13303004B2450 /* SDL.framework */; };
		D421438815C13341004B2450 /* SDLMain.m in Sources */ = {isa = PBXBuildFile; fileRef = D421438715C13341004B2450 /* SDLMain.m */; };
		D421438B15C13412004B2450 /* SDL.framework in CopyFiles */ = {isa = PBXBuildFile; fileRef = D421438515C13303004B2450 /* SDL.framework */; };
		D421438D15C13468004B2450 /* Main.cpp in Sources */ = {isa = PBXBuildFile; fileRef = D421438C15C13468004B2450 /* Main.cpp */; };
		D455CE3C15F4084C003BF953 /* Delay.cpp in Sources */ = {isa = PBXBuildFile; fileRef = D455CE3B15F4084C003BF953 /* Delay.cpp */; };
		D4719FB215C1D18100BF5195 /* Event.cpp in Sources */ = {isa = PBXBuildFile; fileRef = D4719FB115C1D18100BF5195 /* Event.cpp */; };
		D4719FB515C1D1B300BF5195 /* OnCleanup.cpp in Sources */ = {isa = PBXBuildFile; fileRef = D4719FB415C1D1B300BF5195 /* OnCleanup.cpp */; };
		D4719FB715C1D1D400BF5195 /* OnEvent.cpp in Sources */ = {isa = PBXBuildFile; fileRef = D4719FB615C1D1D400BF5195 /* OnEvent.cpp */; };
		D4719FB915C1D1DB00BF5195 /* OnInit.cpp in Sources */ = {isa = PBXBuildFile; fileRef = D4719FB815C1D1DB00BF5195 /* OnInit.cpp */; };
		D4719FBB15C1D1E300BF5195 /* OnLoop.cpp in Sources */ = {isa = PBXBuildFile; fileRef = D4719FBA15C1D1E300BF5195 /* OnLoop.cpp */; };
		D4719FBD15C1D1EB00BF5195 /* OnRender.cpp in Sources */ = {isa = PBXBuildFile; fileRef = D4719FBC15C1D1EB00BF5195 /* OnRender.cpp */; };
		D4719FBF15C1D1F500BF5195 /* Surface.cpp in Sources */ = {isa = PBXBuildFile; fileRef = D4719FBE15C1D1F500BF5195 /* Surface.cpp */; };
		D4719FC215C1D5FC00BF5195 /* Animation.cpp in Sources */ = {isa = PBXBuildFile; fileRef = D4719FC115C1D5FC00BF5195 /* Animation.cpp */; };
		D4719FC915C1E56E00BF5195 /* icon2.icns in Resources */ = {isa = PBXBuildFile; fileRef = D4719FC815C1E56E00BF5195 /* icon2.icns */; };
		D4719FCB15C1E99D00BF5195 /* Entity.cpp in Sources */ = {isa = PBXBuildFile; fileRef = D4719FCA15C1E99D00BF5195 /* Entity.cpp */; };
		D48878C315C3C96C0030F893 /* SDL_image.framework in Frameworks */ = {isa = PBXBuildFile; fileRef = D48878C215C3C96C0030F893 /* SDL_image.framework */; };
		D48878C515C3DCD80030F893 /* SDL_image.framework in CopyFiles */ = {isa = PBXBuildFile; fileRef = D48878C215C3C96C0030F893 /* SDL_image.framework */; };
		D49D251815E0559300161F6B /* RealFunctions.cpp in Sources */ = {isa = PBXBuildFile; fileRef = D49D251715E0559300161F6B /* RealFunctions.cpp */; };
		D4A82EB515DAFC2F0038F8AB /* SDL_ttf.framework in Frameworks */ = {isa = PBXBuildFile; fileRef = D4A82EB415DAFC2F0038F8AB /* SDL_ttf.framework */; };
		D4AA6ACF15E278BD004AD766 /* Shape.cpp in Sources */ = {isa = PBXBuildFile; fileRef = D4AA6ACE15E278BC004AD766 /* Shape.cpp */; };
		D4AE791015E0A4E5006FCCE0 /* Color.cpp in Sources */ = {isa = PBXBuildFile; fileRef = D4AE790F15E0A4E5006FCCE0 /* Color.cpp */; };
		D4B8C02B15DB6AA200BCD37C /* FreeType.framework in Frameworks */ = {isa = PBXBuildFile; fileRef = D4B8C02A15DB6AA200BCD37C /* FreeType.framework */; };
		D4B8C02E15DB831000BCD37C /* ShaderUtils.cpp in Sources */ = {isa = PBXBuildFile; fileRef = D4B8C02D15DB831000BCD37C /* ShaderUtils.cpp */; };
		D4B9F2C515CB73B00060A51B /* OpenGL.framework in Frameworks */ = {isa = PBXBuildFile; fileRef = D4B9F2C415CB73B00060A51B /* OpenGL.framework */; };
		D4B9F2CB15CB81670060A51B /* Texture.cpp in Sources */ = {isa = PBXBuildFile; fileRef = D4B9F2CA15CB81670060A51B /* Texture.cpp */; };
		D4C69CBB15D238350014E486 /* Sprite.cpp in Sources */ = {isa = PBXBuildFile; fileRef = D4C69CBA15D238350014E486 /* Sprite.cpp */; };
		D4CDB73E15D60E9600B82BEF /* Vector.cpp in Sources */ = {isa = PBXBuildFile; fileRef = D4CDB73D15D60E9600B82BEF /* Vector.cpp */; };
		D4CDB74415D72C0700B82BEF /* TextRender.cpp in Sources */ = {isa = PBXBuildFile; fileRef = D4CDB74315D72C0700B82BEF /* TextRender.cpp */; };
		D4D305C815D9DC5800CF2984 /* FontManager.cpp in Sources */ = {isa = PBXBuildFile; fileRef = D4D305C715D9DC5800CF2984 /* FontManager.cpp */; };
		D4D36D3015C39B37005C4E4C /* Area.cpp in Sources */ = {isa = PBXBuildFile; fileRef = D4D36D2F15C39B37005C4E4C /* Area.cpp */; };
		D4D36D3515C39B76005C4E4C /* Map.cpp in Sources */ = {isa = PBXBuildFile; fileRef = D4D36D3415C39B76005C4E4C /* Map.cpp */; };
		D4D36D3815C39B95005C4E4C /* Tile.cpp in Sources */ = {isa = PBXBuildFile; fileRef = D4D36D3715C39B95005C4E4C /* Tile.cpp */; };
		D4D36D3B15C3B1EE005C4E4C /* Camera.cpp in Sources */ = {isa = PBXBuildFile; fileRef = D4D36D3A15C3B1EE005C4E4C /* Camera.cpp */; };
		D4D7CB4A160BE2EC00DC04AD /* Box2DConfig.cmake in Resources */ = {isa = PBXBuildFile; fileRef = D4D7CAE7160BE2EB00DC04AD /* Box2DConfig.cmake */; };
		D4D7CB4B160BE2EC00DC04AD /* CMakeLists.txt in Resources */ = {isa = PBXBuildFile; fileRef = D4D7CAE8160BE2EB00DC04AD /* CMakeLists.txt */; };
		D4D7CB4C160BE2EC00DC04AD /* b2BroadPhase.cpp in Sources */ = {isa = PBXBuildFile; fileRef = D4D7CAEA160BE2EB00DC04AD /* b2BroadPhase.cpp */; };
		D4D7CB4D160BE2EC00DC04AD /* b2CollideCircle.cpp in Sources */ = {isa = PBXBuildFile; fileRef = D4D7CAEC160BE2EB00DC04AD /* b2CollideCircle.cpp */; };
		D4D7CB4E160BE2EC00DC04AD /* b2CollideEdge.cpp in Sources */ = {isa = PBXBuildFile; fileRef = D4D7CAED160BE2EB00DC04AD /* b2CollideEdge.cpp */; };
		D4D7CB4F160BE2EC00DC04AD /* b2CollidePolygon.cpp in Sources */ = {isa = PBXBuildFile; fileRef = D4D7CAEE160BE2EB00DC04AD /* b2CollidePolygon.cpp */; };
		D4D7CB50160BE2EC00DC04AD /* b2Collision.cpp in Sources */ = {isa = PBXBuildFile; fileRef = D4D7CAEF160BE2EB00DC04AD /* b2Collision.cpp */; };
		D4D7CB51160BE2EC00DC04AD /* b2Distance.cpp in Sources */ = {isa = PBXBuildFile; fileRef = D4D7CAF1160BE2EB00DC04AD /* b2Distance.cpp */; };
		D4D7CB52160BE2EC00DC04AD /* b2DynamicTree.cpp in Sources */ = {isa = PBXBuildFile; fileRef = D4D7CAF3160BE2EB00DC04AD /* b2DynamicTree.cpp */; };
		D4D7CB53160BE2EC00DC04AD /* b2TimeOfImpact.cpp in Sources */ = {isa = PBXBuildFile; fileRef = D4D7CAF5160BE2EB00DC04AD /* b2TimeOfImpact.cpp */; };
		D4D7CB54160BE2EC00DC04AD /* b2ChainShape.cpp in Sources */ = {isa = PBXBuildFile; fileRef = D4D7CAF8160BE2EB00DC04AD /* b2ChainShape.cpp */; };
		D4D7CB55160BE2EC00DC04AD /* b2CircleShape.cpp in Sources */ = {isa = PBXBuildFile; fileRef = D4D7CAFA160BE2EB00DC04AD /* b2CircleShape.cpp */; };
		D4D7CB56160BE2EC00DC04AD /* b2EdgeShape.cpp in Sources */ = {isa = PBXBuildFile; fileRef = D4D7CAFC160BE2EB00DC04AD /* b2EdgeShape.cpp */; };
		D4D7CB57160BE2EC00DC04AD /* b2PolygonShape.cpp in Sources */ = {isa = PBXBuildFile; fileRef = D4D7CAFE160BE2EB00DC04AD /* b2PolygonShape.cpp */; };
		D4D7CB58160BE2EC00DC04AD /* b2BlockAllocator.cpp in Sources */ = {isa = PBXBuildFile; fileRef = D4D7CB02160BE2EB00DC04AD /* b2BlockAllocator.cpp */; };
		D4D7CB59160BE2EC00DC04AD /* b2Draw.cpp in Sources */ = {isa = PBXBuildFile; fileRef = D4D7CB04160BE2EB00DC04AD /* b2Draw.cpp */; };
		D4D7CB5A160BE2EC00DC04AD /* b2Math.cpp in Sources */ = {isa = PBXBuildFile; fileRef = D4D7CB07160BE2EB00DC04AD /* b2Math.cpp */; };
		D4D7CB5B160BE2EC00DC04AD /* b2Settings.cpp in Sources */ = {isa = PBXBuildFile; fileRef = D4D7CB09160BE2EB00DC04AD /* b2Settings.cpp */; };
		D4D7CB5C160BE2EC00DC04AD /* b2StackAllocator.cpp in Sources */ = {isa = PBXBuildFile; fileRef = D4D7CB0B160BE2EB00DC04AD /* b2StackAllocator.cpp */; };
		D4D7CB5D160BE2EC00DC04AD /* b2Timer.cpp in Sources */ = {isa = PBXBuildFile; fileRef = D4D7CB0D160BE2EB00DC04AD /* b2Timer.cpp */; };
		D4D7CB5E160BE2EC00DC04AD /* b2Body.cpp in Sources */ = {isa = PBXBuildFile; fileRef = D4D7CB10160BE2EB00DC04AD /* b2Body.cpp */; };
		D4D7CB5F160BE2EC00DC04AD /* b2ContactManager.cpp in Sources */ = {isa = PBXBuildFile; fileRef = D4D7CB12160BE2EB00DC04AD /* b2ContactManager.cpp */; };
		D4D7CB60160BE2EC00DC04AD /* b2Fixture.cpp in Sources */ = {isa = PBXBuildFile; fileRef = D4D7CB14160BE2EB00DC04AD /* b2Fixture.cpp */; };
		D4D7CB61160BE2EC00DC04AD /* b2Island.cpp in Sources */ = {isa = PBXBuildFile; fileRef = D4D7CB16160BE2EB00DC04AD /* b2Island.cpp */; };
		D4D7CB62160BE2EC00DC04AD /* b2World.cpp in Sources */ = {isa = PBXBuildFile; fileRef = D4D7CB19160BE2EB00DC04AD /* b2World.cpp */; };
		D4D7CB63160BE2EC00DC04AD /* b2WorldCallbacks.cpp in Sources */ = {isa = PBXBuildFile; fileRef = D4D7CB1B160BE2EB00DC04AD /* b2WorldCallbacks.cpp */; };
		D4D7CB64160BE2EC00DC04AD /* b2ChainAndCircleContact.cpp in Sources */ = {isa = PBXBuildFile; fileRef = D4D7CB1E160BE2EB00DC04AD /* b2ChainAndCircleContact.cpp */; };
		D4D7CB65160BE2EC00DC04AD /* b2ChainAndPolygonContact.cpp in Sources */ = {isa = PBXBuildFile; fileRef = D4D7CB20160BE2EB00DC04AD /* b2ChainAndPolygonContact.cpp */; };
		D4D7CB66160BE2EC00DC04AD /* b2CircleContact.cpp in Sources */ = {isa = PBXBuildFile; fileRef = D4D7CB22160BE2EB00DC04AD /* b2CircleContact.cpp */; };
		D4D7CB67160BE2EC00DC04AD /* b2Contact.cpp in Sources */ = {isa = PBXBuildFile; fileRef = D4D7CB24160BE2EB00DC04AD /* b2Contact.cpp */; };
		D4D7CB68160BE2EC00DC04AD /* b2ContactSolver.cpp in Sources */ = {isa = PBXBuildFile; fileRef = D4D7CB26160BE2EB00DC04AD /* b2ContactSolver.cpp */; };
		D4D7CB69160BE2EC00DC04AD /* b2EdgeAndCircleContact.cpp in Sources */ = {isa = PBXBuildFile; fileRef = D4D7CB28160BE2EB00DC04AD /* b2EdgeAndCircleContact.cpp */; };
		D4D7CB6A160BE2EC00DC04AD /* b2EdgeAndPolygonContact.cpp in Sources */ = {isa = PBXBuildFile; fileRef = D4D7CB2A160BE2EB00DC04AD /* b2EdgeAndPolygonContact.cpp */; };
		D4D7CB6B160BE2EC00DC04AD /* b2PolygonAndCircleContact.cpp in Sources */ = {isa = PBXBuildFile; fileRef = D4D7CB2C160BE2EB00DC04AD /* b2PolygonAndCircleContact.cpp */; };
		D4D7CB6C160BE2EC00DC04AD /* b2PolygonContact.cpp in Sources */ = {isa = PBXBuildFile; fileRef = D4D7CB2E160BE2EB00DC04AD /* b2PolygonContact.cpp */; };
		D4D7CB6D160BE2EC00DC04AD /* b2DistanceJoint.cpp in Sources */ = {isa = PBXBuildFile; fileRef = D4D7CB31160BE2EC00DC04AD /* b2DistanceJoint.cpp */; };
		D4D7CB6E160BE2EC00DC04AD /* b2FrictionJoint.cpp in Sources */ = {isa = PBXBuildFile; fileRef = D4D7CB33160BE2EC00DC04AD /* b2FrictionJoint.cpp */; };
		D4D7CB6F160BE2EC00DC04AD /* b2GearJoint.cpp in Sources */ = {isa = PBXBuildFile; fileRef = D4D7CB35160BE2EC00DC04AD /* b2GearJoint.cpp */; };
		D4D7CB70160BE2EC00DC04AD /* b2Joint.cpp in Sources */ = {isa = PBXBuildFile; fileRef = D4D7CB37160BE2EC00DC04AD /* b2Joint.cpp */; };
		D4D7CB71160BE2EC00DC04AD /* b2MouseJoint.cpp in Sources */ = {isa = PBXBuildFile; fileRef = D4D7CB39160BE2EC00DC04AD /* b2MouseJoint.cpp */; };
		D4D7CB72160BE2EC00DC04AD /* b2PrismaticJoint.cpp in Sources */ = {isa = PBXBuildFile; fileRef = D4D7CB3B160BE2EC00DC04AD /* b2PrismaticJoint.cpp */; };
		D4D7CB73160BE2EC00DC04AD /* b2PulleyJoint.cpp in Sources */ = {isa = PBXBuildFile; fileRef = D4D7CB3D160BE2EC00DC04AD /* b2PulleyJoint.cpp */; };
		D4D7CB74160BE2EC00DC04AD /* b2RevoluteJoint.cpp in Sources */ = {isa = PBXBuildFile; fileRef = D4D7CB3F160BE2EC00DC04AD /* b2RevoluteJoint.cpp */; };
		D4D7CB75160BE2EC00DC04AD /* b2RopeJoint.cpp in Sources */ = {isa = PBXBuildFile; fileRef = D4D7CB41160BE2EC00DC04AD /* b2RopeJoint.cpp */; };
		D4D7CB76160BE2EC00DC04AD /* b2WeldJoint.cpp in Sources */ = {isa = PBXBuildFile; fileRef = D4D7CB43160BE2EC00DC04AD /* b2WeldJoint.cpp */; };
		D4D7CB77160BE2EC00DC04AD /* b2WheelJoint.cpp in Sources */ = {isa = PBXBuildFile; fileRef = D4D7CB45160BE2EC00DC04AD /* b2WheelJoint.cpp */; };
		D4D7CB78160BE2EC00DC04AD /* b2Rope.cpp in Sources */ = {isa = PBXBuildFile; fileRef = D4D7CB48160BE2EC00DC04AD /* b2Rope.cpp */; };
/* End PBXBuildFile section */

/* Begin PBXCopyFilesBuildPhase section */
		D421438A15C133FE004B2450 /* CopyFiles */ = {
			isa = PBXCopyFilesBuildPhase;
			buildActionMask = 2147483647;
			dstPath = "";
			dstSubfolderSpec = 10;
			files = (
				D421438B15C13412004B2450 /* SDL.framework in CopyFiles */,
				D48878C515C3DCD80030F893 /* SDL_image.framework in CopyFiles */,
			);
			runOnlyForDeploymentPostprocessing = 0;
		};
/* End PBXCopyFilesBuildPhase section */

/* Begin PBXFileReference section */
		D41CE21115C8FE02001716DE /* FrameRate.cpp */ = {isa = PBXFileReference; fileEncoding = 4; lastKnownFileType = sourcecode.cpp.cpp; path = FrameRate.cpp; sourceTree = "<group>"; };
		D41CE21415C8FE16001716DE /* FrameRate.h */ = {isa = PBXFileReference; lastKnownFileType = sourcecode.c.h; path = FrameRate.h; sourceTree = "<group>"; };
		D41CE21515C92E43001716DE /* Player.cpp */ = {isa = PBXFileReference; fileEncoding = 4; lastKnownFileType = sourcecode.cpp.cpp; path = Player.cpp; sourceTree = "<group>"; };
		D41CE21715C92E52001716DE /* Player.h */ = {isa = PBXFileReference; lastKnownFileType = sourcecode.c.h; path = Player.h; sourceTree = "<group>"; };
		D421436415C13270004B2450 /* Engine.app */ = {isa = PBXFileReference; explicitFileType = wrapper.application; includeInIndex = 0; path = Engine.app; sourceTree = BUILT_PRODUCTS_DIR; };
		D421436815C13270004B2450 /* Cocoa.framework */ = {isa = PBXFileReference; lastKnownFileType = wrapper.framework; name = Cocoa.framework; path = System/Library/Frameworks/Cocoa.framework; sourceTree = SDKROOT; };
		D421436B15C13270004B2450 /* AppKit.framework */ = {isa = PBXFileReference; lastKnownFileType = wrapper.framework; name = AppKit.framework; path = System/Library/Frameworks/AppKit.framework; sourceTree = SDKROOT; };
		D421436C15C13270004B2450 /* CoreData.framework */ = {isa = PBXFileReference; lastKnownFileType = wrapper.framework; name = CoreData.framework; path = System/Library/Frameworks/CoreData.framework; sourceTree = SDKROOT; };
		D421436D15C13270004B2450 /* Foundation.framework */ = {isa = PBXFileReference; lastKnownFileType = wrapper.framework; name = Foundation.framework; path = System/Library/Frameworks/Foundation.framework; sourceTree = SDKROOT; };
		D421437015C13271004B2450 /* Engine-Info.plist */ = {isa = PBXFileReference; lastKnownFileType = text.plist.xml; path = "Engine-Info.plist"; sourceTree = "<group>"; };
		D421437215C13271004B2450 /* en */ = {isa = PBXFileReference; lastKnownFileType = text.plist.strings; name = en; path = en.lproj/InfoPlist.strings; sourceTree = "<group>"; };
		D421437615C13271004B2450 /* Engine-Prefix.pch */ = {isa = PBXFileReference; lastKnownFileType = sourcecode.c.h; path = "Engine-Prefix.pch"; sourceTree = "<group>"; };
		D421437815C13271004B2450 /* en */ = {isa = PBXFileReference; lastKnownFileType = text.rtf; name = en; path = en.lproj/Credits.rtf; sourceTree = "<group>"; };
		D421438515C13303004B2450 /* SDL.framework */ = {isa = PBXFileReference; lastKnownFileType = wrapper.framework; name = SDL.framework; path = Library/Frameworks/SDL.framework; sourceTree = SDKROOT; };
		D421438715C13341004B2450 /* SDLMain.m */ = {isa = PBXFileReference; fileEncoding = 4; lastKnownFileType = sourcecode.c.objc; name = SDLMain.m; path = ../../../Downloads/SDLMain.m; sourceTree = "<group>"; };
		D421438915C1334B004B2450 /* SDLMain.h */ = {isa = PBXFileReference; fileEncoding = 4; lastKnownFileType = sourcecode.c.h; name = SDLMain.h; path = ../../../Downloads/SDLMain.h; sourceTree = "<group>"; };
		D421438C15C13468004B2450 /* Main.cpp */ = {isa = PBXFileReference; fileEncoding = 4; lastKnownFileType = sourcecode.cpp.cpp; path = Main.cpp; sourceTree = "<group>"; };
		D455CE3B15F4084C003BF953 /* Delay.cpp */ = {isa = PBXFileReference; fileEncoding = 4; lastKnownFileType = sourcecode.cpp.cpp; path = Delay.cpp; sourceTree = "<group>"; };
		D4719FAF15C1C51300BF5195 /* Main.h */ = {isa = PBXFileReference; lastKnownFileType = sourcecode.c.h; path = Main.h; sourceTree = "<group>"; };
		D4719FB115C1D18100BF5195 /* Event.cpp */ = {isa = PBXFileReference; fileEncoding = 4; lastKnownFileType = sourcecode.cpp.cpp; path = Event.cpp; sourceTree = "<group>"; };
		D4719FB315C1D19300BF5195 /* Event.h */ = {isa = PBXFileReference; fileEncoding = 4; lastKnownFileType = sourcecode.c.h; path = Event.h; sourceTree = "<group>"; };
		D4719FB415C1D1B300BF5195 /* OnCleanup.cpp */ = {isa = PBXFileReference; fileEncoding = 4; lastKnownFileType = sourcecode.cpp.cpp; path = OnCleanup.cpp; sourceTree = "<group>"; };
		D4719FB615C1D1D400BF5195 /* OnEvent.cpp */ = {isa = PBXFileReference; fileEncoding = 4; lastKnownFileType = sourcecode.cpp.cpp; path = OnEvent.cpp; sourceTree = "<group>"; };
		D4719FB815C1D1DB00BF5195 /* OnInit.cpp */ = {isa = PBXFileReference; fileEncoding = 4; lastKnownFileType = sourcecode.cpp.cpp; path = OnInit.cpp; sourceTree = "<group>"; };
		D4719FBA15C1D1E300BF5195 /* OnLoop.cpp */ = {isa = PBXFileReference; fileEncoding = 4; lastKnownFileType = sourcecode.cpp.cpp; path = OnLoop.cpp; sourceTree = "<group>"; };
		D4719FBC15C1D1EB00BF5195 /* OnRender.cpp */ = {isa = PBXFileReference; fileEncoding = 4; lastKnownFileType = sourcecode.cpp.cpp; path = OnRender.cpp; sourceTree = "<group>"; };
		D4719FBE15C1D1F500BF5195 /* Surface.cpp */ = {isa = PBXFileReference; fileEncoding = 4; lastKnownFileType = sourcecode.cpp.cpp; path = Surface.cpp; sourceTree = "<group>"; };
		D4719FC015C1D20000BF5195 /* Surface.h */ = {isa = PBXFileReference; fileEncoding = 4; lastKnownFileType = sourcecode.c.h; path = Surface.h; sourceTree = "<group>"; };
		D4719FC115C1D5FC00BF5195 /* Animation.cpp */ = {isa = PBXFileReference; fileEncoding = 4; lastKnownFileType = sourcecode.cpp.cpp; path = Animation.cpp; sourceTree = "<group>"; };
		D4719FC315C1D60600BF5195 /* Animation.h */ = {isa = PBXFileReference; fileEncoding = 4; lastKnownFileType = sourcecode.c.h; path = Animation.h; sourceTree = "<group>"; };
		D4719FC415C1E18200BF5195 /* icon.png */ = {isa = PBXFileReference; lastKnownFileType = image.png; path = icon.png; sourceTree = "<group>"; };
		D4719FC815C1E56E00BF5195 /* icon2.icns */ = {isa = PBXFileReference; lastKnownFileType = image.icns; path = icon2.icns; sourceTree = "<group>"; };
		D4719FCA15C1E99D00BF5195 /* Entity.cpp */ = {isa = PBXFileReference; fileEncoding = 4; lastKnownFileType = sourcecode.cpp.cpp; path = Entity.cpp; sourceTree = "<group>"; };
		D4719FCC15C1EAC600BF5195 /* Entity.h */ = {isa = PBXFileReference; lastKnownFileType = sourcecode.c.h; path = Entity.h; sourceTree = "<group>"; };
		D48878C215C3C96C0030F893 /* SDL_image.framework */ = {isa = PBXFileReference; lastKnownFileType = wrapper.framework; name = SDL_image.framework; path = Library/Frameworks/SDL_image.framework; sourceTree = SDKROOT; };
		D49D251415E0447600161F6B /* RealFunctions.h */ = {isa = PBXFileReference; lastKnownFileType = sourcecode.c.h; path = RealFunctions.h; sourceTree = "<group>"; };
		D49D251615E0491D00161F6B /* Value.h */ = {isa = PBXFileReference; lastKnownFileType = sourcecode.c.h; path = Value.h; sourceTree = "<group>"; };
		D49D251715E0559300161F6B /* RealFunctions.cpp */ = {isa = PBXFileReference; fileEncoding = 4; lastKnownFileType = sourcecode.cpp.cpp; path = RealFunctions.cpp; sourceTree = "<group>"; };
		D4A82EB415DAFC2F0038F8AB /* SDL_ttf.framework */ = {isa = PBXFileReference; lastKnownFileType = wrapper.framework; name = SDL_ttf.framework; path = Library/Frameworks/SDL_ttf.framework; sourceTree = SDKROOT; };
		D4AA6ACE15E278BC004AD766 /* Shape.cpp */ = {isa = PBXFileReference; fileEncoding = 4; lastKnownFileType = sourcecode.cpp.cpp; path = Shape.cpp; sourceTree = "<group>"; };
		D4AE790C15E0A3A5006FCCE0 /* Shape.h */ = {isa = PBXFileReference; lastKnownFileType = sourcecode.c.h; path = Shape.h; sourceTree = "<group>"; };
		D4AE790E15E0A454006FCCE0 /* Color.h */ = {isa = PBXFileReference; lastKnownFileType = sourcecode.c.h; path = Color.h; sourceTree = "<group>"; };
		D4AE790F15E0A4E5006FCCE0 /* Color.cpp */ = {isa = PBXFileReference; fileEncoding = 4; lastKnownFileType = sourcecode.cpp.cpp; path = Color.cpp; sourceTree = "<group>"; };
		D4AE791115E0B31E006FCCE0 /* Rect.h */ = {isa = PBXFileReference; lastKnownFileType = sourcecode.c.h; path = Rect.h; sourceTree = "<group>"; };
		D4B8C02A15DB6AA200BCD37C /* FreeType.framework */ = {isa = PBXFileReference; lastKnownFileType = wrapper.framework; name = FreeType.framework; path = Library/Frameworks/FreeType.framework; sourceTree = SDKROOT; };
		D4B8C02C15DB82BD00BCD37C /* ShaderUtils.h */ = {isa = PBXFileReference; lastKnownFileType = sourcecode.c.h; path = ShaderUtils.h; sourceTree = "<group>"; };
		D4B8C02D15DB831000BCD37C /* ShaderUtils.cpp */ = {isa = PBXFileReference; fileEncoding = 4; lastKnownFileType = sourcecode.cpp.cpp; path = ShaderUtils.cpp; sourceTree = "<group>"; };
		D4B9F2C415CB73B00060A51B /* OpenGL.framework */ = {isa = PBXFileReference; lastKnownFileType = wrapper.framework; name = OpenGL.framework; path = System/Library/Frameworks/OpenGL.framework; sourceTree = SDKROOT; };
		D4B9F2CA15CB81670060A51B /* Texture.cpp */ = {isa = PBXFileReference; fileEncoding = 4; lastKnownFileType = sourcecode.cpp.cpp; path = Texture.cpp; sourceTree = "<group>"; };
		D4B9F2CC15CB81750060A51B /* Texture.h */ = {isa = PBXFileReference; lastKnownFileType = sourcecode.c.h; path = Texture.h; sourceTree = "<group>"; };
		D4C69CBA15D238350014E486 /* Sprite.cpp */ = {isa = PBXFileReference; fileEncoding = 4; lastKnownFileType = sourcecode.cpp.cpp; path = Sprite.cpp; sourceTree = "<group>"; };
		D4C69CBD15D2387F0014E486 /* Sprite.h */ = {isa = PBXFileReference; lastKnownFileType = sourcecode.c.h; path = Sprite.h; sourceTree = "<group>"; };
		D4CDB73C15D5E59A00B82BEF /* Vector.h */ = {isa = PBXFileReference; lastKnownFileType = sourcecode.c.h; path = Vector.h; sourceTree = "<group>"; };
		D4CDB73D15D60E9600B82BEF /* Vector.cpp */ = {isa = PBXFileReference; fileEncoding = 4; lastKnownFileType = sourcecode.cpp.cpp; path = Vector.cpp; sourceTree = "<group>"; };
		D4CDB74215D72B9D00B82BEF /* TextRender.h */ = {isa = PBXFileReference; lastKnownFileType = sourcecode.c.h; path = TextRender.h; sourceTree = "<group>"; };
		D4CDB74315D72C0700B82BEF /* TextRender.cpp */ = {isa = PBXFileReference; fileEncoding = 4; lastKnownFileType = sourcecode.cpp.cpp; path = TextRender.cpp; sourceTree = "<group>"; };
		D4D305C615D9D73A00CF2984 /* FontManager.h */ = {isa = PBXFileReference; lastKnownFileType = sourcecode.c.h; path = FontManager.h; sourceTree = "<group>"; };
		D4D305C715D9DC5800CF2984 /* FontManager.cpp */ = {isa = PBXFileReference; fileEncoding = 4; lastKnownFileType = sourcecode.cpp.cpp; path = FontManager.cpp; sourceTree = "<group>"; };
		D4D36D2F15C39B37005C4E4C /* Area.cpp */ = {isa = PBXFileReference; fileEncoding = 4; lastKnownFileType = sourcecode.cpp.cpp; path = Area.cpp; sourceTree = "<group>"; };
		D4D36D3215C39B4A005C4E4C /* Area.h */ = {isa = PBXFileReference; lastKnownFileType = sourcecode.c.h; path = Area.h; sourceTree = "<group>"; };
		D4D36D3315C39B63005C4E4C /* Define.h */ = {isa = PBXFileReference; lastKnownFileType = sourcecode.c.h; path = Define.h; sourceTree = "<group>"; };
		D4D36D3415C39B76005C4E4C /* Map.cpp */ = {isa = PBXFileReference; fileEncoding = 4; lastKnownFileType = sourcecode.cpp.cpp; path = Map.cpp; sourceTree = "<group>"; };
		D4D36D3615C39B82005C4E4C /* Map.h */ = {isa = PBXFileReference; lastKnownFileType = sourcecode.c.h; path = Map.h; sourceTree = "<group>"; };
		D4D36D3715C39B95005C4E4C /* Tile.cpp */ = {isa = PBXFileReference; fileEncoding = 4; lastKnownFileType = sourcecode.cpp.cpp; path = Tile.cpp; sourceTree = "<group>"; };
		D4D36D3915C39BA0005C4E4C /* Tile.h */ = {isa = PBXFileReference; lastKnownFileType = sourcecode.c.h; path = Tile.h; sourceTree = "<group>"; };
		D4D36D3A15C3B1EE005C4E4C /* Camera.cpp */ = {isa = PBXFileReference; fileEncoding = 4; lastKnownFileType = sourcecode.cpp.cpp; path = Camera.cpp; sourceTree = "<group>"; };
		D4D36D3C15C3B1FC005C4E4C /* Camera.h */ = {isa = PBXFileReference; lastKnownFileType = sourcecode.c.h; path = Camera.h; sourceTree = "<group>"; };
		D4D7CAE6160BE2EB00DC04AD /* Box2D.h */ = {isa = PBXFileReference; fileEncoding = 4; lastKnownFileType = sourcecode.c.h; path = Box2D.h; sourceTree = "<group>"; };
		D4D7CAE7160BE2EB00DC04AD /* Box2DConfig.cmake */ = {isa = PBXFileReference; fileEncoding = 4; lastKnownFileType = text; path = Box2DConfig.cmake; sourceTree = "<group>"; };
		D4D7CAE8160BE2EB00DC04AD /* CMakeLists.txt */ = {isa = PBXFileReference; fileEncoding = 4; lastKnownFileType = text; path = CMakeLists.txt; sourceTree = "<group>"; };
		D4D7CAEA160BE2EB00DC04AD /* b2BroadPhase.cpp */ = {isa = PBXFileReference; fileEncoding = 4; lastKnownFileType = sourcecode.cpp.cpp; path = b2BroadPhase.cpp; sourceTree = "<group>"; };
		D4D7CAEB160BE2EB00DC04AD /* b2BroadPhase.h */ = {isa = PBXFileReference; fileEncoding = 4; lastKnownFileType = sourcecode.c.h; path = b2BroadPhase.h; sourceTree = "<group>"; };
		D4D7CAEC160BE2EB00DC04AD /* b2CollideCircle.cpp */ = {isa = PBXFileReference; fileEncoding = 4; lastKnownFileType = sourcecode.cpp.cpp; path = b2CollideCircle.cpp; sourceTree = "<group>"; };
		D4D7CAED160BE2EB00DC04AD /* b2CollideEdge.cpp */ = {isa = PBXFileReference; fileEncoding = 4; lastKnownFileType = sourcecode.cpp.cpp; path = b2CollideEdge.cpp; sourceTree = "<group>"; };
		D4D7CAEE160BE2EB00DC04AD /* b2CollidePolygon.cpp */ = {isa = PBXFileReference; fileEncoding = 4; lastKnownFileType = sourcecode.cpp.cpp; path = b2CollidePolygon.cpp; sourceTree = "<group>"; };
		D4D7CAEF160BE2EB00DC04AD /* b2Collision.cpp */ = {isa = PBXFileReference; fileEncoding = 4; lastKnownFileType = sourcecode.cpp.cpp; path = b2Collision.cpp; sourceTree = "<group>"; };
		D4D7CAF0160BE2EB00DC04AD /* b2Collision.h */ = {isa = PBXFileReference; fileEncoding = 4; lastKnownFileType = sourcecode.c.h; path = b2Collision.h; sourceTree = "<group>"; };
		D4D7CAF1160BE2EB00DC04AD /* b2Distance.cpp */ = {isa = PBXFileReference; fileEncoding = 4; lastKnownFileType = sourcecode.cpp.cpp; path = b2Distance.cpp; sourceTree = "<group>"; };
		D4D7CAF2160BE2EB00DC04AD /* b2Distance.h */ = {isa = PBXFileReference; fileEncoding = 4; lastKnownFileType = sourcecode.c.h; path = b2Distance.h; sourceTree = "<group>"; };
		D4D7CAF3160BE2EB00DC04AD /* b2DynamicTree.cpp */ = {isa = PBXFileReference; fileEncoding = 4; lastKnownFileType = sourcecode.cpp.cpp; path = b2DynamicTree.cpp; sourceTree = "<group>"; };
		D4D7CAF4160BE2EB00DC04AD /* b2DynamicTree.h */ = {isa = PBXFileReference; fileEncoding = 4; lastKnownFileType = sourcecode.c.h; path = b2DynamicTree.h; sourceTree = "<group>"; };
		D4D7CAF5160BE2EB00DC04AD /* b2TimeOfImpact.cpp */ = {isa = PBXFileReference; fileEncoding = 4; lastKnownFileType = sourcecode.cpp.cpp; path = b2TimeOfImpact.cpp; sourceTree = "<group>"; };
		D4D7CAF6160BE2EB00DC04AD /* b2TimeOfImpact.h */ = {isa = PBXFileReference; fileEncoding = 4; lastKnownFileType = sourcecode.c.h; path = b2TimeOfImpact.h; sourceTree = "<group>"; };
		D4D7CAF8160BE2EB00DC04AD /* b2ChainShape.cpp */ = {isa = PBXFileReference; fileEncoding = 4; lastKnownFileType = sourcecode.cpp.cpp; path = b2ChainShape.cpp; sourceTree = "<group>"; };
		D4D7CAF9160BE2EB00DC04AD /* b2ChainShape.h */ = {isa = PBXFileReference; fileEncoding = 4; lastKnownFileType = sourcecode.c.h; path = b2ChainShape.h; sourceTree = "<group>"; };
		D4D7CAFA160BE2EB00DC04AD /* b2CircleShape.cpp */ = {isa = PBXFileReference; fileEncoding = 4; lastKnownFileType = sourcecode.cpp.cpp; path = b2CircleShape.cpp; sourceTree = "<group>"; };
		D4D7CAFB160BE2EB00DC04AD /* b2CircleShape.h */ = {isa = PBXFileReference; fileEncoding = 4; lastKnownFileType = sourcecode.c.h; path = b2CircleShape.h; sourceTree = "<group>"; };
		D4D7CAFC160BE2EB00DC04AD /* b2EdgeShape.cpp */ = {isa = PBXFileReference; fileEncoding = 4; lastKnownFileType = sourcecode.cpp.cpp; path = b2EdgeShape.cpp; sourceTree = "<group>"; };
		D4D7CAFD160BE2EB00DC04AD /* b2EdgeShape.h */ = {isa = PBXFileReference; fileEncoding = 4; lastKnownFileType = sourcecode.c.h; path = b2EdgeShape.h; sourceTree = "<group>"; };
		D4D7CAFE160BE2EB00DC04AD /* b2PolygonShape.cpp */ = {isa = PBXFileReference; fileEncoding = 4; lastKnownFileType = sourcecode.cpp.cpp; path = b2PolygonShape.cpp; sourceTree = "<group>"; };
		D4D7CAFF160BE2EB00DC04AD /* b2PolygonShape.h */ = {isa = PBXFileReference; fileEncoding = 4; lastKnownFileType = sourcecode.c.h; path = b2PolygonShape.h; sourceTree = "<group>"; };
		D4D7CB00160BE2EB00DC04AD /* b2Shape.h */ = {isa = PBXFileReference; fileEncoding = 4; lastKnownFileType = sourcecode.c.h; path = b2Shape.h; sourceTree = "<group>"; };
		D4D7CB02160BE2EB00DC04AD /* b2BlockAllocator.cpp */ = {isa = PBXFileReference; fileEncoding = 4; lastKnownFileType = sourcecode.cpp.cpp; path = b2BlockAllocator.cpp; sourceTree = "<group>"; };
		D4D7CB03160BE2EB00DC04AD /* b2BlockAllocator.h */ = {isa = PBXFileReference; fileEncoding = 4; lastKnownFileType = sourcecode.c.h; path = b2BlockAllocator.h; sourceTree = "<group>"; };
		D4D7CB04160BE2EB00DC04AD /* b2Draw.cpp */ = {isa = PBXFileReference; fileEncoding = 4; lastKnownFileType = sourcecode.cpp.cpp; path = b2Draw.cpp; sourceTree = "<group>"; };
		D4D7CB05160BE2EB00DC04AD /* b2Draw.h */ = {isa = PBXFileReference; fileEncoding = 4; lastKnownFileType = sourcecode.c.h; path = b2Draw.h; sourceTree = "<group>"; };
		D4D7CB06160BE2EB00DC04AD /* b2GrowableStack.h */ = {isa = PBXFileReference; fileEncoding = 4; lastKnownFileType = sourcecode.c.h; path = b2GrowableStack.h; sourceTree = "<group>"; };
		D4D7CB07160BE2EB00DC04AD /* b2Math.cpp */ = {isa = PBXFileReference; fileEncoding = 4; lastKnownFileType = sourcecode.cpp.cpp; path = b2Math.cpp; sourceTree = "<group>"; };
		D4D7CB08160BE2EB00DC04AD /* b2Math.h */ = {isa = PBXFileReference; fileEncoding = 4; lastKnownFileType = sourcecode.c.h; path = b2Math.h; sourceTree = "<group>"; };
		D4D7CB09160BE2EB00DC04AD /* b2Settings.cpp */ = {isa = PBXFileReference; fileEncoding = 4; lastKnownFileType = sourcecode.cpp.cpp; path = b2Settings.cpp; sourceTree = "<group>"; };
		D4D7CB0A160BE2EB00DC04AD /* b2Settings.h */ = {isa = PBXFileReference; fileEncoding = 4; lastKnownFileType = sourcecode.c.h; path = b2Settings.h; sourceTree = "<group>"; };
		D4D7CB0B160BE2EB00DC04AD /* b2StackAllocator.cpp */ = {isa = PBXFileReference; fileEncoding = 4; lastKnownFileType = sourcecode.cpp.cpp; path = b2StackAllocator.cpp; sourceTree = "<group>"; };
		D4D7CB0C160BE2EB00DC04AD /* b2StackAllocator.h */ = {isa = PBXFileReference; fileEncoding = 4; lastKnownFileType = sourcecode.c.h; path = b2StackAllocator.h; sourceTree = "<group>"; };
		D4D7CB0D160BE2EB00DC04AD /* b2Timer.cpp */ = {isa = PBXFileReference; fileEncoding = 4; lastKnownFileType = sourcecode.cpp.cpp; path = b2Timer.cpp; sourceTree = "<group>"; };
		D4D7CB0E160BE2EB00DC04AD /* b2Timer.h */ = {isa = PBXFileReference; fileEncoding = 4; lastKnownFileType = sourcecode.c.h; path = b2Timer.h; sourceTree = "<group>"; };
		D4D7CB10160BE2EB00DC04AD /* b2Body.cpp */ = {isa = PBXFileReference; fileEncoding = 4; lastKnownFileType = sourcecode.cpp.cpp; path = b2Body.cpp; sourceTree = "<group>"; };
		D4D7CB11160BE2EB00DC04AD /* b2Body.h */ = {isa = PBXFileReference; fileEncoding = 4; lastKnownFileType = sourcecode.c.h; path = b2Body.h; sourceTree = "<group>"; };
		D4D7CB12160BE2EB00DC04AD /* b2ContactManager.cpp */ = {isa = PBXFileReference; fileEncoding = 4; lastKnownFileType = sourcecode.cpp.cpp; path = b2ContactManager.cpp; sourceTree = "<group>"; };
		D4D7CB13160BE2EB00DC04AD /* b2ContactManager.h */ = {isa = PBXFileReference; fileEncoding = 4; lastKnownFileType = sourcecode.c.h; path = b2ContactManager.h; sourceTree = "<group>"; };
		D4D7CB14160BE2EB00DC04AD /* b2Fixture.cpp */ = {isa = PBXFileReference; fileEncoding = 4; lastKnownFileType = sourcecode.cpp.cpp; path = b2Fixture.cpp; sourceTree = "<group>"; };
		D4D7CB15160BE2EB00DC04AD /* b2Fixture.h */ = {isa = PBXFileReference; fileEncoding = 4; lastKnownFileType = sourcecode.c.h; path = b2Fixture.h; sourceTree = "<group>"; };
		D4D7CB16160BE2EB00DC04AD /* b2Island.cpp */ = {isa = PBXFileReference; fileEncoding = 4; lastKnownFileType = sourcecode.cpp.cpp; path = b2Island.cpp; sourceTree = "<group>"; };
		D4D7CB17160BE2EB00DC04AD /* b2Island.h */ = {isa = PBXFileReference; fileEncoding = 4; lastKnownFileType = sourcecode.c.h; path = b2Island.h; sourceTree = "<group>"; };
		D4D7CB18160BE2EB00DC04AD /* b2TimeStep.h */ = {isa = PBXFileReference; fileEncoding = 4; lastKnownFileType = sourcecode.c.h; path = b2TimeStep.h; sourceTree = "<group>"; };
		D4D7CB19160BE2EB00DC04AD /* b2World.cpp */ = {isa = PBXFileReference; fileEncoding = 4; lastKnownFileType = sourcecode.cpp.cpp; path = b2World.cpp; sourceTree = "<group>"; };
		D4D7CB1A160BE2EB00DC04AD /* b2World.h */ = {isa = PBXFileReference; fileEncoding = 4; lastKnownFileType = sourcecode.c.h; path = b2World.h; sourceTree = "<group>"; };
		D4D7CB1B160BE2EB00DC04AD /* b2WorldCallbacks.cpp */ = {isa = PBXFileReference; fileEncoding = 4; lastKnownFileType = sourcecode.cpp.cpp; path = b2WorldCallbacks.cpp; sourceTree = "<group>"; };
		D4D7CB1C160BE2EB00DC04AD /* b2WorldCallbacks.h */ = {isa = PBXFileReference; fileEncoding = 4; lastKnownFileType = sourcecode.c.h; path = b2WorldCallbacks.h; sourceTree = "<group>"; };
		D4D7CB1E160BE2EB00DC04AD /* b2ChainAndCircleContact.cpp */ = {isa = PBXFileReference; fileEncoding = 4; lastKnownFileType = sourcecode.cpp.cpp; path = b2ChainAndCircleContact.cpp; sourceTree = "<group>"; };
		D4D7CB1F160BE2EB00DC04AD /* b2ChainAndCircleContact.h */ = {isa = PBXFileReference; fileEncoding = 4; lastKnownFileType = sourcecode.c.h; path = b2ChainAndCircleContact.h; sourceTree = "<group>"; };
		D4D7CB20160BE2EB00DC04AD /* b2ChainAndPolygonContact.cpp */ = {isa = PBXFileReference; fileEncoding = 4; lastKnownFileType = sourcecode.cpp.cpp; path = b2ChainAndPolygonContact.cpp; sourceTree = "<group>"; };
		D4D7CB21160BE2EB00DC04AD /* b2ChainAndPolygonContact.h */ = {isa = PBXFileReference; fileEncoding = 4; lastKnownFileType = sourcecode.c.h; path = b2ChainAndPolygonContact.h; sourceTree = "<group>"; };
		D4D7CB22160BE2EB00DC04AD /* b2CircleContact.cpp */ = {isa = PBXFileReference; fileEncoding = 4; lastKnownFileType = sourcecode.cpp.cpp; path = b2CircleContact.cpp; sourceTree = "<group>"; };
		D4D7CB23160BE2EB00DC04AD /* b2CircleContact.h */ = {isa = PBXFileReference; fileEncoding = 4; lastKnownFileType = sourcecode.c.h; path = b2CircleContact.h; sourceTree = "<group>"; };
		D4D7CB24160BE2EB00DC04AD /* b2Contact.cpp */ = {isa = PBXFileReference; fileEncoding = 4; lastKnownFileType = sourcecode.cpp.cpp; path = b2Contact.cpp; sourceTree = "<group>"; };
		D4D7CB25160BE2EB00DC04AD /* b2Contact.h */ = {isa = PBXFileReference; fileEncoding = 4; lastKnownFileType = sourcecode.c.h; path = b2Contact.h; sourceTree = "<group>"; };
		D4D7CB26160BE2EB00DC04AD /* b2ContactSolver.cpp */ = {isa = PBXFileReference; fileEncoding = 4; lastKnownFileType = sourcecode.cpp.cpp; path = b2ContactSolver.cpp; sourceTree = "<group>"; };
		D4D7CB27160BE2EB00DC04AD /* b2ContactSolver.h */ = {isa = PBXFileReference; fileEncoding = 4; lastKnownFileType = sourcecode.c.h; path = b2ContactSolver.h; sourceTree = "<group>"; };
		D4D7CB28160BE2EB00DC04AD /* b2EdgeAndCircleContact.cpp */ = {isa = PBXFileReference; fileEncoding = 4; lastKnownFileType = sourcecode.cpp.cpp; path = b2EdgeAndCircleContact.cpp; sourceTree = "<group>"; };
		D4D7CB29160BE2EB00DC04AD /* b2EdgeAndCircleContact.h */ = {isa = PBXFileReference; fileEncoding = 4; lastKnownFileType = sourcecode.c.h; path = b2EdgeAndCircleContact.h; sourceTree = "<group>"; };
		D4D7CB2A160BE2EB00DC04AD /* b2EdgeAndPolygonContact.cpp */ = {isa = PBXFileReference; fileEncoding = 4; lastKnownFileType = sourcecode.cpp.cpp; path = b2EdgeAndPolygonContact.cpp; sourceTree = "<group>"; };
		D4D7CB2B160BE2EB00DC04AD /* b2EdgeAndPolygonContact.h */ = {isa = PBXFileReference; fileEncoding = 4; lastKnownFileType = sourcecode.c.h; path = b2EdgeAndPolygonContact.h; sourceTree = "<group>"; };
		D4D7CB2C160BE2EB00DC04AD /* b2PolygonAndCircleContact.cpp */ = {isa = PBXFileReference; fileEncoding = 4; lastKnownFileType = sourcecode.cpp.cpp; path = b2PolygonAndCircleContact.cpp; sourceTree = "<group>"; };
		D4D7CB2D160BE2EB00DC04AD /* b2PolygonAndCircleContact.h */ = {isa = PBXFileReference; fileEncoding = 4; lastKnownFileType = sourcecode.c.h; path = b2PolygonAndCircleContact.h; sourceTree = "<group>"; };
		D4D7CB2E160BE2EB00DC04AD /* b2PolygonContact.cpp */ = {isa = PBXFileReference; fileEncoding = 4; lastKnownFileType = sourcecode.cpp.cpp; path = b2PolygonContact.cpp; sourceTree = "<group>"; };
		D4D7CB2F160BE2EB00DC04AD /* b2PolygonContact.h */ = {isa = PBXFileReference; fileEncoding = 4; lastKnownFileType = sourcecode.c.h; path = b2PolygonContact.h; sourceTree = "<group>"; };
		D4D7CB31160BE2EC00DC04AD /* b2DistanceJoint.cpp */ = {isa = PBXFileReference; fileEncoding = 4; lastKnownFileType = sourcecode.cpp.cpp; path = b2DistanceJoint.cpp; sourceTree = "<group>"; };
		D4D7CB32160BE2EC00DC04AD /* b2DistanceJoint.h */ = {isa = PBXFileReference; fileEncoding = 4; lastKnownFileType = sourcecode.c.h; path = b2DistanceJoint.h; sourceTree = "<group>"; };
		D4D7CB33160BE2EC00DC04AD /* b2FrictionJoint.cpp */ = {isa = PBXFileReference; fileEncoding = 4; lastKnownFileType = sourcecode.cpp.cpp; path = b2FrictionJoint.cpp; sourceTree = "<group>"; };
		D4D7CB34160BE2EC00DC04AD /* b2FrictionJoint.h */ = {isa = PBXFileReference; fileEncoding = 4; lastKnownFileType = sourcecode.c.h; path = b2FrictionJoint.h; sourceTree = "<group>"; };
		D4D7CB35160BE2EC00DC04AD /* b2GearJoint.cpp */ = {isa = PBXFileReference; fileEncoding = 4; lastKnownFileType = sourcecode.cpp.cpp; path = b2GearJoint.cpp; sourceTree = "<group>"; };
		D4D7CB36160BE2EC00DC04AD /* b2GearJoint.h */ = {isa = PBXFileReference; fileEncoding = 4; lastKnownFileType = sourcecode.c.h; path = b2GearJoint.h; sourceTree = "<group>"; };
		D4D7CB37160BE2EC00DC04AD /* b2Joint.cpp */ = {isa = PBXFileReference; fileEncoding = 4; lastKnownFileType = sourcecode.cpp.cpp; path = b2Joint.cpp; sourceTree = "<group>"; };
		D4D7CB38160BE2EC00DC04AD /* b2Joint.h */ = {isa = PBXFileReference; fileEncoding = 4; lastKnownFileType = sourcecode.c.h; path = b2Joint.h; sourceTree = "<group>"; };
		D4D7CB39160BE2EC00DC04AD /* b2MouseJoint.cpp */ = {isa = PBXFileReference; fileEncoding = 4; lastKnownFileType = sourcecode.cpp.cpp; path = b2MouseJoint.cpp; sourceTree = "<group>"; };
		D4D7CB3A160BE2EC00DC04AD /* b2MouseJoint.h */ = {isa = PBXFileReference; fileEncoding = 4; lastKnownFileType = sourcecode.c.h; path = b2MouseJoint.h; sourceTree = "<group>"; };
		D4D7CB3B160BE2EC00DC04AD /* b2PrismaticJoint.cpp */ = {isa = PBXFileReference; fileEncoding = 4; lastKnownFileType = sourcecode.cpp.cpp; path = b2PrismaticJoint.cpp; sourceTree = "<group>"; };
		D4D7CB3C160BE2EC00DC04AD /* b2PrismaticJoint.h */ = {isa = PBXFileReference; fileEncoding = 4; lastKnownFileType = sourcecode.c.h; path = b2PrismaticJoint.h; sourceTree = "<group>"; };
		D4D7CB3D160BE2EC00DC04AD /* b2PulleyJoint.cpp */ = {isa = PBXFileReference; fileEncoding = 4; lastKnownFileType = sourcecode.cpp.cpp; path = b2PulleyJoint.cpp; sourceTree = "<group>"; };
		D4D7CB3E160BE2EC00DC04AD /* b2PulleyJoint.h */ = {isa = PBXFileReference; fileEncoding = 4; lastKnownFileType = sourcecode.c.h; path = b2PulleyJoint.h; sourceTree = "<group>"; };
		D4D7CB3F160BE2EC00DC04AD /* b2RevoluteJoint.cpp */ = {isa = PBXFileReference; fileEncoding = 4; lastKnownFileType = sourcecode.cpp.cpp; path = b2RevoluteJoint.cpp; sourceTree = "<group>"; };
		D4D7CB40160BE2EC00DC04AD /* b2RevoluteJoint.h */ = {isa = PBXFileReference; fileEncoding = 4; lastKnownFileType = sourcecode.c.h; path = b2RevoluteJoint.h; sourceTree = "<group>"; };
		D4D7CB41160BE2EC00DC04AD /* b2RopeJoint.cpp */ = {isa = PBXFileReference; fileEncoding = 4; lastKnownFileType = sourcecode.cpp.cpp; path = b2RopeJoint.cpp; sourceTree = "<group>"; };
		D4D7CB42160BE2EC00DC04AD /* b2RopeJoint.h */ = {isa = PBXFileReference; fileEncoding = 4; lastKnownFileType = sourcecode.c.h; path = b2RopeJoint.h; sourceTree = "<group>"; };
		D4D7CB43160BE2EC00DC04AD /* b2WeldJoint.cpp */ = {isa = PBXFileReference; fileEncoding = 4; lastKnownFileType = sourcecode.cpp.cpp; path = b2WeldJoint.cpp; sourceTree = "<group>"; };
		D4D7CB44160BE2EC00DC04AD /* b2WeldJoint.h */ = {isa = PBXFileReference; fileEncoding = 4; lastKnownFileType = sourcecode.c.h; path = b2WeldJoint.h; sourceTree = "<group>"; };
		D4D7CB45160BE2EC00DC04AD /* b2WheelJoint.cpp */ = {isa = PBXFileReference; fileEncoding = 4; lastKnownFileType = sourcecode.cpp.cpp; path = b2WheelJoint.cpp; sourceTree = "<group>"; };
		D4D7CB46160BE2EC00DC04AD /* b2WheelJoint.h */ = {isa = PBXFileReference; fileEncoding = 4; lastKnownFileType = sourcecode.c.h; path = b2WheelJoint.h; sourceTree = "<group>"; };
		D4D7CB48160BE2EC00DC04AD /* b2Rope.cpp */ = {isa = PBXFileReference; fileEncoding = 4; lastKnownFileType = sourcecode.cpp.cpp; path = b2Rope.cpp; sourceTree = "<group>"; };
		D4D7CB49160BE2EC00DC04AD /* b2Rope.h */ = {isa = PBXFileReference; fileEncoding = 4; lastKnownFileType = sourcecode.c.h; path = b2Rope.h; sourceTree = "<group>"; };
		D4EE17C015D30C2500348E04 /* Debug.h */ = {isa = PBXFileReference; lastKnownFileType = sourcecode.c.h; path = Debug.h; sourceTree = "<group>"; };
/* End PBXFileReference section */

/* Begin PBXFrameworksBuildPhase section */
		D421436115C13270004B2450 /* Frameworks */ = {
			isa = PBXFrameworksBuildPhase;
			buildActionMask = 2147483647;
			files = (
				D4B8C02B15DB6AA200BCD37C /* FreeType.framework in Frameworks */,
				D4A82EB515DAFC2F0038F8AB /* SDL_ttf.framework in Frameworks */,
				D4B9F2C515CB73B00060A51B /* OpenGL.framework in Frameworks */,
				D48878C315C3C96C0030F893 /* SDL_image.framework in Frameworks */,
				D421438615C13303004B2450 /* SDL.framework in Frameworks */,
				D421436915C13270004B2450 /* Cocoa.framework in Frameworks */,
			);
			runOnlyForDeploymentPostprocessing = 0;
		};
/* End PBXFrameworksBuildPhase section */

/* Begin PBXGroup section */
		D421435915C13270004B2450 = {
			isa = PBXGroup;
			children = (
				D4D7CAE5160BE2EB00DC04AD /* Box2D */,
				D4B8C02A15DB6AA200BCD37C /* FreeType.framework */,
				D4A82EB415DAFC2F0038F8AB /* SDL_ttf.framework */,
				D4B9F2C415CB73B00060A51B /* OpenGL.framework */,
				D4719FC815C1E56E00BF5195 /* icon2.icns */,
				D4719FC415C1E18200BF5195 /* icon.png */,
				D421438915C1334B004B2450 /* SDLMain.h */,
				D421438715C13341004B2450 /* SDLMain.m */,
				D421436E15C13271004B2450 /* Engine */,
				D421436715C13270004B2450 /* Frameworks */,
				D421436515C13270004B2450 /* Products */,
			);
			sourceTree = "<group>";
			usesTabs = 0;
		};
		D421436515C13270004B2450 /* Products */ = {
			isa = PBXGroup;
			children = (
				D421436415C13270004B2450 /* Engine.app */,
			);
			name = Products;
			sourceTree = "<group>";
		};
		D421436715C13270004B2450 /* Frameworks */ = {
			isa = PBXGroup;
			children = (
				D48878C215C3C96C0030F893 /* SDL_image.framework */,
				D421438515C13303004B2450 /* SDL.framework */,
				D421436815C13270004B2450 /* Cocoa.framework */,
				D421436A15C13270004B2450 /* Other Frameworks */,
			);
			name = Frameworks;
			sourceTree = "<group>";
		};
		D421436A15C13270004B2450 /* Other Frameworks */ = {
			isa = PBXGroup;
			children = (
				D421436B15C13270004B2450 /* AppKit.framework */,
				D421436C15C13270004B2450 /* CoreData.framework */,
				D421436D15C13270004B2450 /* Foundation.framework */,
			);
			name = "Other Frameworks";
			sourceTree = "<group>";
		};
		D421436E15C13271004B2450 /* Engine */ = {
			isa = PBXGroup;
			children = (
				D4719FC115C1D5FC00BF5195 /* Animation.cpp */,
				D4D36D2F15C39B37005C4E4C /* Area.cpp */,
				D4D36D3A15C3B1EE005C4E4C /* Camera.cpp */,
				D4AE790F15E0A4E5006FCCE0 /* Color.cpp */,
				D4719FCA15C1E99D00BF5195 /* Entity.cpp */,
				D4719FB115C1D18100BF5195 /* Event.cpp */,
				D4D305C715D9DC5800CF2984 /* FontManager.cpp */,
				D41CE21115C8FE02001716DE /* FrameRate.cpp */,
				D421438C15C13468004B2450 /* Main.cpp */,
				D4D36D3415C39B76005C4E4C /* Map.cpp */,
				D4719FB415C1D1B300BF5195 /* OnCleanup.cpp */,
				D4719FB615C1D1D400BF5195 /* OnEvent.cpp */,
				D4719FB815C1D1DB00BF5195 /* OnInit.cpp */,
				D4719FBA15C1D1E300BF5195 /* OnLoop.cpp */,
				D4719FBC15C1D1EB00BF5195 /* OnRender.cpp */,
				D41CE21515C92E43001716DE /* Player.cpp */,
				D49D251715E0559300161F6B /* RealFunctions.cpp */,
				D4B8C02D15DB831000BCD37C /* ShaderUtils.cpp */,
				D4C69CBA15D238350014E486 /* Sprite.cpp */,
				D4719FBE15C1D1F500BF5195 /* Surface.cpp */,
				D4CDB74315D72C0700B82BEF /* TextRender.cpp */,
				D4B9F2CA15CB81670060A51B /* Texture.cpp */,
				D4D36D3715C39B95005C4E4C /* Tile.cpp */,
				D4CDB73D15D60E9600B82BEF /* Vector.cpp */,
				D4719FC315C1D60600BF5195 /* Animation.h */,
				D4D36D3215C39B4A005C4E4C /* Area.h */,
				D4D36D3C15C3B1FC005C4E4C /* Camera.h */,
				D4AE790E15E0A454006FCCE0 /* Color.h */,
				D4EE17C015D30C2500348E04 /* Debug.h */,
				D4D36D3315C39B63005C4E4C /* Define.h */,
				D4719FCC15C1EAC600BF5195 /* Entity.h */,
				D4719FB315C1D19300BF5195 /* Event.h */,
				D4D305C615D9D73A00CF2984 /* FontManager.h */,
				D41CE21415C8FE16001716DE /* FrameRate.h */,
				D4719FAF15C1C51300BF5195 /* Main.h */,
				D4D36D3615C39B82005C4E4C /* Map.h */,
				D41CE21715C92E52001716DE /* Player.h */,
				D49D251415E0447600161F6B /* RealFunctions.h */,
				D4AE791115E0B31E006FCCE0 /* Rect.h */,
				D4B8C02C15DB82BD00BCD37C /* ShaderUtils.h */,
				D4AE790C15E0A3A5006FCCE0 /* Shape.h */,
				D4C69CBD15D2387F0014E486 /* Sprite.h */,
				D4719FC015C1D20000BF5195 /* Surface.h */,
				D4CDB74215D72B9D00B82BEF /* TextRender.h */,
				D4B9F2CC15CB81750060A51B /* Texture.h */,
				D4D36D3915C39BA0005C4E4C /* Tile.h */,
				D49D251615E0491D00161F6B /* Value.h */,
				D4CDB73C15D5E59A00B82BEF /* Vector.h */,
				D421436F15C13271004B2450 /* Supporting Files */,
				D4AA6ACE15E278BC004AD766 /* Shape.cpp */,
				D455CE3B15F4084C003BF953 /* Delay.cpp */,
			);
			path = Engine;
			sourceTree = "<group>";
		};
		D421436F15C13271004B2450 /* Supporting Files */ = {
			isa = PBXGroup;
			children = (
				D421437015C13271004B2450 /* Engine-Info.plist */,
				D421437115C13271004B2450 /* InfoPlist.strings */,
				D421437615C13271004B2450 /* Engine-Prefix.pch */,
				D421437715C13271004B2450 /* Credits.rtf */,
			);
			name = "Supporting Files";
			sourceTree = "<group>";
		};
		D4D7CAE5160BE2EB00DC04AD /* Box2D */ = {
			isa = PBXGroup;
			children = (
				D4D7CAE6160BE2EB00DC04AD /* Box2D.h */,
				D4D7CAE7160BE2EB00DC04AD /* Box2DConfig.cmake */,
				D4D7CAE8160BE2EB00DC04AD /* CMakeLists.txt */,
				D4D7CAE9160BE2EB00DC04AD /* Collision */,
				D4D7CB01160BE2EB00DC04AD /* Common */,
				D4D7CB0F160BE2EB00DC04AD /* Dynamics */,
				D4D7CB47160BE2EC00DC04AD /* Rope */,
			);
			path = Box2D;
			sourceTree = "<group>";
		};
		D4D7CAE9160BE2EB00DC04AD /* Collision */ = {
			isa = PBXGroup;
			children = (
				D4D7CAEA160BE2EB00DC04AD /* b2BroadPhase.cpp */,
				D4D7CAEB160BE2EB00DC04AD /* b2BroadPhase.h */,
				D4D7CAEC160BE2EB00DC04AD /* b2CollideCircle.cpp */,
				D4D7CAED160BE2EB00DC04AD /* b2CollideEdge.cpp */,
				D4D7CAEE160BE2EB00DC04AD /* b2CollidePolygon.cpp */,
				D4D7CAEF160BE2EB00DC04AD /* b2Collision.cpp */,
				D4D7CAF0160BE2EB00DC04AD /* b2Collision.h */,
				D4D7CAF1160BE2EB00DC04AD /* b2Distance.cpp */,
				D4D7CAF2160BE2EB00DC04AD /* b2Distance.h */,
				D4D7CAF3160BE2EB00DC04AD /* b2DynamicTree.cpp */,
				D4D7CAF4160BE2EB00DC04AD /* b2DynamicTree.h */,
				D4D7CAF5160BE2EB00DC04AD /* b2TimeOfImpact.cpp */,
				D4D7CAF6160BE2EB00DC04AD /* b2TimeOfImpact.h */,
				D4D7CAF7160BE2EB00DC04AD /* Shapes */,
			);
			path = Collision;
			sourceTree = "<group>";
		};
		D4D7CAF7160BE2EB00DC04AD /* Shapes */ = {
			isa = PBXGroup;
			children = (
				D4D7CAF8160BE2EB00DC04AD /* b2ChainShape.cpp */,
				D4D7CAF9160BE2EB00DC04AD /* b2ChainShape.h */,
				D4D7CAFA160BE2EB00DC04AD /* b2CircleShape.cpp */,
				D4D7CAFB160BE2EB00DC04AD /* b2CircleShape.h */,
				D4D7CAFC160BE2EB00DC04AD /* b2EdgeShape.cpp */,
				D4D7CAFD160BE2EB00DC04AD /* b2EdgeShape.h */,
				D4D7CAFE160BE2EB00DC04AD /* b2PolygonShape.cpp */,
				D4D7CAFF160BE2EB00DC04AD /* b2PolygonShape.h */,
				D4D7CB00160BE2EB00DC04AD /* b2Shape.h */,
			);
			path = Shapes;
			sourceTree = "<group>";
		};
		D4D7CB01160BE2EB00DC04AD /* Common */ = {
			isa = PBXGroup;
			children = (
				D4D7CB02160BE2EB00DC04AD /* b2BlockAllocator.cpp */,
				D4D7CB03160BE2EB00DC04AD /* b2BlockAllocator.h */,
				D4D7CB04160BE2EB00DC04AD /* b2Draw.cpp */,
				D4D7CB05160BE2EB00DC04AD /* b2Draw.h */,
				D4D7CB06160BE2EB00DC04AD /* b2GrowableStack.h */,
				D4D7CB07160BE2EB00DC04AD /* b2Math.cpp */,
				D4D7CB08160BE2EB00DC04AD /* b2Math.h */,
				D4D7CB09160BE2EB00DC04AD /* b2Settings.cpp */,
				D4D7CB0A160BE2EB00DC04AD /* b2Settings.h */,
				D4D7CB0B160BE2EB00DC04AD /* b2StackAllocator.cpp */,
				D4D7CB0C160BE2EB00DC04AD /* b2StackAllocator.h */,
				D4D7CB0D160BE2EB00DC04AD /* b2Timer.cpp */,
				D4D7CB0E160BE2EB00DC04AD /* b2Timer.h */,
			);
			path = Common;
			sourceTree = "<group>";
		};
		D4D7CB0F160BE2EB00DC04AD /* Dynamics */ = {
			isa = PBXGroup;
			children = (
				D4D7CB10160BE2EB00DC04AD /* b2Body.cpp */,
				D4D7CB11160BE2EB00DC04AD /* b2Body.h */,
				D4D7CB12160BE2EB00DC04AD /* b2ContactManager.cpp */,
				D4D7CB13160BE2EB00DC04AD /* b2ContactManager.h */,
				D4D7CB14160BE2EB00DC04AD /* b2Fixture.cpp */,
				D4D7CB15160BE2EB00DC04AD /* b2Fixture.h */,
				D4D7CB16160BE2EB00DC04AD /* b2Island.cpp */,
				D4D7CB17160BE2EB00DC04AD /* b2Island.h */,
				D4D7CB18160BE2EB00DC04AD /* b2TimeStep.h */,
				D4D7CB19160BE2EB00DC04AD /* b2World.cpp */,
				D4D7CB1A160BE2EB00DC04AD /* b2World.h */,
				D4D7CB1B160BE2EB00DC04AD /* b2WorldCallbacks.cpp */,
				D4D7CB1C160BE2EB00DC04AD /* b2WorldCallbacks.h */,
				D4D7CB1D160BE2EB00DC04AD /* Contacts */,
				D4D7CB30160BE2EB00DC04AD /* Joints */,
			);
			path = Dynamics;
			sourceTree = "<group>";
		};
		D4D7CB1D160BE2EB00DC04AD /* Contacts */ = {
			isa = PBXGroup;
			children = (
				D4D7CB1E160BE2EB00DC04AD /* b2ChainAndCircleContact.cpp */,
				D4D7CB1F160BE2EB00DC04AD /* b2ChainAndCircleContact.h */,
				D4D7CB20160BE2EB00DC04AD /* b2ChainAndPolygonContact.cpp */,
				D4D7CB21160BE2EB00DC04AD /* b2ChainAndPolygonContact.h */,
				D4D7CB22160BE2EB00DC04AD /* b2CircleContact.cpp */,
				D4D7CB23160BE2EB00DC04AD /* b2CircleContact.h */,
				D4D7CB24160BE2EB00DC04AD /* b2Contact.cpp */,
				D4D7CB25160BE2EB00DC04AD /* b2Contact.h */,
				D4D7CB26160BE2EB00DC04AD /* b2ContactSolver.cpp */,
				D4D7CB27160BE2EB00DC04AD /* b2ContactSolver.h */,
				D4D7CB28160BE2EB00DC04AD /* b2EdgeAndCircleContact.cpp */,
				D4D7CB29160BE2EB00DC04AD /* b2EdgeAndCircleContact.h */,
				D4D7CB2A160BE2EB00DC04AD /* b2EdgeAndPolygonContact.cpp */,
				D4D7CB2B160BE2EB00DC04AD /* b2EdgeAndPolygonContact.h */,
				D4D7CB2C160BE2EB00DC04AD /* b2PolygonAndCircleContact.cpp */,
				D4D7CB2D160BE2EB00DC04AD /* b2PolygonAndCircleContact.h */,
				D4D7CB2E160BE2EB00DC04AD /* b2PolygonContact.cpp */,
				D4D7CB2F160BE2EB00DC04AD /* b2PolygonContact.h */,
			);
			path = Contacts;
			sourceTree = "<group>";
		};
		D4D7CB30160BE2EB00DC04AD /* Joints */ = {
			isa = PBXGroup;
			children = (
				D4D7CB31160BE2EC00DC04AD /* b2DistanceJoint.cpp */,
				D4D7CB32160BE2EC00DC04AD /* b2DistanceJoint.h */,
				D4D7CB33160BE2EC00DC04AD /* b2FrictionJoint.cpp */,
				D4D7CB34160BE2EC00DC04AD /* b2FrictionJoint.h */,
				D4D7CB35160BE2EC00DC04AD /* b2GearJoint.cpp */,
				D4D7CB36160BE2EC00DC04AD /* b2GearJoint.h */,
				D4D7CB37160BE2EC00DC04AD /* b2Joint.cpp */,
				D4D7CB38160BE2EC00DC04AD /* b2Joint.h */,
				D4D7CB39160BE2EC00DC04AD /* b2MouseJoint.cpp */,
				D4D7CB3A160BE2EC00DC04AD /* b2MouseJoint.h */,
				D4D7CB3B160BE2EC00DC04AD /* b2PrismaticJoint.cpp */,
				D4D7CB3C160BE2EC00DC04AD /* b2PrismaticJoint.h */,
				D4D7CB3D160BE2EC00DC04AD /* b2PulleyJoint.cpp */,
				D4D7CB3E160BE2EC00DC04AD /* b2PulleyJoint.h */,
				D4D7CB3F160BE2EC00DC04AD /* b2RevoluteJoint.cpp */,
				D4D7CB40160BE2EC00DC04AD /* b2RevoluteJoint.h */,
				D4D7CB41160BE2EC00DC04AD /* b2RopeJoint.cpp */,
				D4D7CB42160BE2EC00DC04AD /* b2RopeJoint.h */,
				D4D7CB43160BE2EC00DC04AD /* b2WeldJoint.cpp */,
				D4D7CB44160BE2EC00DC04AD /* b2WeldJoint.h */,
				D4D7CB45160BE2EC00DC04AD /* b2WheelJoint.cpp */,
				D4D7CB46160BE2EC00DC04AD /* b2WheelJoint.h */,
			);
			path = Joints;
			sourceTree = "<group>";
		};
		D4D7CB47160BE2EC00DC04AD /* Rope */ = {
			isa = PBXGroup;
			children = (
				D4D7CB48160BE2EC00DC04AD /* b2Rope.cpp */,
				D4D7CB49160BE2EC00DC04AD /* b2Rope.h */,
			);
			path = Rope;
			sourceTree = "<group>";
		};
/* End PBXGroup section */

/* Begin PBXNativeTarget section */
		D421436315C13270004B2450 /* Engine */ = {
			isa = PBXNativeTarget;
			buildConfigurationList = D421438215C13271004B2450 /* Build configuration list for PBXNativeTarget "Engine" */;
			buildPhases = (
				D421436015C13270004B2450 /* Sources */,
				D421436115C13270004B2450 /* Frameworks */,
				D421436215C13270004B2450 /* Resources */,
				D421438A15C133FE004B2450 /* CopyFiles */,
			);
			buildRules = (
			);
			dependencies = (
			);
			name = Engine;
			productName = Engine;
			productReference = D421436415C13270004B2450 /* Engine.app */;
			productType = "com.apple.product-type.application";
		};
/* End PBXNativeTarget section */

/* Begin PBXProject section */
		D421435B15C13270004B2450 /* Project object */ = {
			isa = PBXProject;
			attributes = {
				LastUpgradeCheck = 0430;
			};
			buildConfigurationList = D421435E15C13270004B2450 /* Build configuration list for PBXProject "Engine" */;
			compatibilityVersion = "Xcode 3.2";
			developmentRegion = English;
			hasScannedForEncodings = 0;
			knownRegions = (
				en,
			);
			mainGroup = D421435915C13270004B2450;
			productRefGroup = D421436515C13270004B2450 /* Products */;
			projectDirPath = "";
			projectRoot = "";
			targets = (
				D421436315C13270004B2450 /* Engine */,
			);
		};
/* End PBXProject section */

/* Begin PBXResourcesBuildPhase section */
		D421436215C13270004B2450 /* Resources */ = {
			isa = PBXResourcesBuildPhase;
			buildActionMask = 2147483647;
			files = (
				D421437315C13271004B2450 /* InfoPlist.strings in Resources */,
				D421437915C13271004B2450 /* Credits.rtf in Resources */,
				D4719FC915C1E56E00BF5195 /* icon2.icns in Resources */,
				D4D7CB4A160BE2EC00DC04AD /* Box2DConfig.cmake in Resources */,
				D4D7CB4B160BE2EC00DC04AD /* CMakeLists.txt in Resources */,
			);
			runOnlyForDeploymentPostprocessing = 0;
		};
/* End PBXResourcesBuildPhase section */

/* Begin PBXSourcesBuildPhase section */
		D421436015C13270004B2450 /* Sources */ = {
			isa = PBXSourcesBuildPhase;
			buildActionMask = 2147483647;
			files = (
				D421438815C13341004B2450 /* SDLMain.m in Sources */,
				D421438D15C13468004B2450 /* Main.cpp in Sources */,
				D4719FB215C1D18100BF5195 /* Event.cpp in Sources */,
				D4719FB515C1D1B300BF5195 /* OnCleanup.cpp in Sources */,
				D4719FB715C1D1D400BF5195 /* OnEvent.cpp in Sources */,
				D4719FB915C1D1DB00BF5195 /* OnInit.cpp in Sources */,
				D4719FBB15C1D1E300BF5195 /* OnLoop.cpp in Sources */,
				D4719FBD15C1D1EB00BF5195 /* OnRender.cpp in Sources */,
				D4719FBF15C1D1F500BF5195 /* Surface.cpp in Sources */,
				D4719FC215C1D5FC00BF5195 /* Animation.cpp in Sources */,
				D4719FCB15C1E99D00BF5195 /* Entity.cpp in Sources */,
				D4D36D3015C39B37005C4E4C /* Area.cpp in Sources */,
				D4D36D3515C39B76005C4E4C /* Map.cpp in Sources */,
				D4D36D3815C39B95005C4E4C /* Tile.cpp in Sources */,
				D4D36D3B15C3B1EE005C4E4C /* Camera.cpp in Sources */,
				D41CE21215C8FE02001716DE /* FrameRate.cpp in Sources */,
				D41CE21615C92E43001716DE /* Player.cpp in Sources */,
				D4B9F2CB15CB81670060A51B /* Texture.cpp in Sources */,
				D4C69CBB15D238350014E486 /* Sprite.cpp in Sources */,
				D4CDB73E15D60E9600B82BEF /* Vector.cpp in Sources */,
				D4CDB74415D72C0700B82BEF /* TextRender.cpp in Sources */,
				D4D305C815D9DC5800CF2984 /* FontManager.cpp in Sources */,
				D4B8C02E15DB831000BCD37C /* ShaderUtils.cpp in Sources */,
				D49D251815E0559300161F6B /* RealFunctions.cpp in Sources */,
				D4AE791015E0A4E5006FCCE0 /* Color.cpp in Sources */,
				D4AA6ACF15E278BD004AD766 /* Shape.cpp in Sources */,
				D455CE3C15F4084C003BF953 /* Delay.cpp in Sources */,
				D4D7CB4C160BE2EC00DC04AD /* b2BroadPhase.cpp in Sources */,
				D4D7CB4D160BE2EC00DC04AD /* b2CollideCircle.cpp in Sources */,
				D4D7CB4E160BE2EC00DC04AD /* b2CollideEdge.cpp in Sources */,
				D4D7CB4F160BE2EC00DC04AD /* b2CollidePolygon.cpp in Sources */,
				D4D7CB50160BE2EC00DC04AD /* b2Collision.cpp in Sources */,
				D4D7CB51160BE2EC00DC04AD /* b2Distance.cpp in Sources */,
				D4D7CB52160BE2EC00DC04AD /* b2DynamicTree.cpp in Sources */,
				D4D7CB53160BE2EC00DC04AD /* b2TimeOfImpact.cpp in Sources */,
				D4D7CB54160BE2EC00DC04AD /* b2ChainShape.cpp in Sources */,
				D4D7CB55160BE2EC00DC04AD /* b2CircleShape.cpp in Sources */,
				D4D7CB56160BE2EC00DC04AD /* b2EdgeShape.cpp in Sources */,
				D4D7CB57160BE2EC00DC04AD /* b2PolygonShape.cpp in Sources */,
				D4D7CB58160BE2EC00DC04AD /* b2BlockAllocator.cpp in Sources */,
				D4D7CB59160BE2EC00DC04AD /* b2Draw.cpp in Sources */,
				D4D7CB5A160BE2EC00DC04AD /* b2Math.cpp in Sources */,
				D4D7CB5B160BE2EC00DC04AD /* b2Settings.cpp in Sources */,
				D4D7CB5C160BE2EC00DC04AD /* b2StackAllocator.cpp in Sources */,
				D4D7CB5D160BE2EC00DC04AD /* b2Timer.cpp in Sources */,
				D4D7CB5E160BE2EC00DC04AD /* b2Body.cpp in Sources */,
				D4D7CB5F160BE2EC00DC04AD /* b2ContactManager.cpp in Sources */,
				D4D7CB60160BE2EC00DC04AD /* b2Fixture.cpp in Sources */,
				D4D7CB61160BE2EC00DC04AD /* b2Island.cpp in Sources */,
				D4D7CB62160BE2EC00DC04AD /* b2World.cpp in Sources */,
				D4D7CB63160BE2EC00DC04AD /* b2WorldCallbacks.cpp in Sources */,
				D4D7CB64160BE2EC00DC04AD /* b2ChainAndCircleContact.cpp in Sources */,
				D4D7CB65160BE2EC00DC04AD /* b2ChainAndPolygonContact.cpp in Sources */,
				D4D7CB66160BE2EC00DC04AD /* b2CircleContact.cpp in Sources */,
				D4D7CB67160BE2EC00DC04AD /* b2Contact.cpp in Sources */,
				D4D7CB68160BE2EC00DC04AD /* b2ContactSolver.cpp in Sources */,
				D4D7CB69160BE2EC00DC04AD /* b2EdgeAndCircleContact.cpp in Sources */,
				D4D7CB6A160BE2EC00DC04AD /* b2EdgeAndPolygonContact.cpp in Sources */,
				D4D7CB6B160BE2EC00DC04AD /* b2PolygonAndCircleContact.cpp in Sources */,
				D4D7CB6C160BE2EC00DC04AD /* b2PolygonContact.cpp in Sources */,
				D4D7CB6D160BE2EC00DC04AD /* b2DistanceJoint.cpp in Sources */,
				D4D7CB6E160BE2EC00DC04AD /* b2FrictionJoint.cpp in Sources */,
				D4D7CB6F160BE2EC00DC04AD /* b2GearJoint.cpp in Sources */,
				D4D7CB70160BE2EC00DC04AD /* b2Joint.cpp in Sources */,
				D4D7CB71160BE2EC00DC04AD /* b2MouseJoint.cpp in Sources */,
				D4D7CB72160BE2EC00DC04AD /* b2PrismaticJoint.cpp in Sources */,
				D4D7CB73160BE2EC00DC04AD /* b2PulleyJoint.cpp in Sources */,
				D4D7CB74160BE2EC00DC04AD /* b2RevoluteJoint.cpp in Sources */,
				D4D7CB75160BE2EC00DC04AD /* b2RopeJoint.cpp in Sources */,
				D4D7CB76160BE2EC00DC04AD /* b2WeldJoint.cpp in Sources */,
				D4D7CB77160BE2EC00DC04AD /* b2WheelJoint.cpp in Sources */,
				D4D7CB78160BE2EC00DC04AD /* b2Rope.cpp in Sources */,
			);
			runOnlyForDeploymentPostprocessing = 0;
		};
/* End PBXSourcesBuildPhase section */

/* Begin PBXVariantGroup section */
		D421437115C13271004B2450 /* InfoPlist.strings */ = {
			isa = PBXVariantGroup;
			children = (
				D421437215C13271004B2450 /* en */,
			);
			name = InfoPlist.strings;
			sourceTree = "<group>";
		};
		D421437715C13271004B2450 /* Credits.rtf */ = {
			isa = PBXVariantGroup;
			children = (
				D421437815C13271004B2450 /* en */,
			);
			name = Credits.rtf;
			sourceTree = "<group>";
		};
/* End PBXVariantGroup section */

/* Begin XCBuildConfiguration section */
		D421438015C13271004B2450 /* Debug */ = {
			isa = XCBuildConfiguration;
			buildSettings = {
				ALWAYS_SEARCH_USER_PATHS = NO;
				ARCHS = "$(ARCHS_STANDARD_64_BIT)";
				COPY_PHASE_STRIP = NO;
				GCC_C_LANGUAGE_STANDARD = gnu99;
				GCC_DYNAMIC_NO_PIC = NO;
				GCC_ENABLE_OBJC_EXCEPTIONS = YES;
				GCC_OPTIMIZATION_LEVEL = 0;
				GCC_PREPROCESSOR_DEFINITIONS = (
					"DEBUG=1",
					"$(inherited)",
				);
				GCC_SYMBOLS_PRIVATE_EXTERN = NO;
				GCC_VERSION = com.apple.compilers.llvm.clang.1_0;
				GCC_WARN_64_TO_32_BIT_CONVERSION = YES;
				GCC_WARN_ABOUT_RETURN_TYPE = YES;
				GCC_WARN_UNINITIALIZED_AUTOS = YES;
				GCC_WARN_UNUSED_VARIABLE = YES;
				MACOSX_DEPLOYMENT_TARGET = 10.7;
				ONLY_ACTIVE_ARCH = YES;
				SDKROOT = macosx;
			};
			name = Debug;
		};
		D421438115C13271004B2450 /* Release */ = {
			isa = XCBuildConfiguration;
			buildSettings = {
				ALWAYS_SEARCH_USER_PATHS = NO;
				ARCHS = "$(ARCHS_STANDARD_64_BIT)";
				COPY_PHASE_STRIP = YES;
				DEBUG_INFORMATION_FORMAT = "dwarf-with-dsym";
				GCC_C_LANGUAGE_STANDARD = gnu99;
				GCC_ENABLE_OBJC_EXCEPTIONS = YES;
				GCC_VERSION = com.apple.compilers.llvm.clang.1_0;
				GCC_WARN_64_TO_32_BIT_CONVERSION = YES;
				GCC_WARN_ABOUT_RETURN_TYPE = YES;
				GCC_WARN_UNINITIALIZED_AUTOS = YES;
				GCC_WARN_UNUSED_VARIABLE = YES;
				MACOSX_DEPLOYMENT_TARGET = 10.7;
				SDKROOT = macosx;
			};
			name = Release;
		};
		D421438315C13271004B2450 /* Debug */ = {
			isa = XCBuildConfiguration;
			buildSettings = {
				ALWAYS_SEARCH_USER_PATHS = YES;
				ARCHS = "$(ARCHS_STANDARD_64_BIT)";
				FRAMEWORK_SEARCH_PATHS = "";
				FRAMEWORK_SEARCH_PATHS_QUOTED_FOR_TARGET_1 = "\"$(SRCROOT)/Frameworks\"";
				FRAMEWORK_SEARCH_PATHS_QUOTED_FOR_TARGET_2 = "\"$(SRCROOT)\"";
				FRAMEWORK_SEARCH_PATHS_QUOTED_FOR_TARGET_3 = "\"$(SRCROOT)/Frameworks\"";
				GCC_PRECOMPILE_PREFIX_HEADER = YES;
				GCC_PREFIX_HEADER = "Engine/Engine-Prefix.pch";
				GCC_VERSION = com.apple.compilers.llvm.clang.1_0;
				HEADER_SEARCH_PATHS = (
					/Library/Frameworks/SDL.framework/Headers,
					"/Users/Skyler/Downloads/ftgl-2.1.3~rc5/src",
					/Library/Frameworks/SDL_image.framework/Headers,
					/Library/Frameworks/FreeType.framework/Headers,
					/Library/Frameworks/SDL_ttf.framework/Headers,
					/Users/Skyler/Documents/programming/Engine,
				);
				INFOPLIST_FILE = "Engine/Engine-Info.plist";
				MACOSX_DEPLOYMENT_TARGET = 10.5;
				ONLY_ACTIVE_ARCH = YES;
				OTHER_LDFLAGS = "-lz";
				PRODUCT_NAME = "$(TARGET_NAME)";
				REZ_SEARCH_PATHS = "$(inherited)";
				RUN_CLANG_STATIC_ANALYZER = YES;
				SCAN_ALL_SOURCE_FILES_FOR_INCLUDES = YES;
				USER_HEADER_SEARCH_PATHS = "/Library/Frameworks/SDL.framework/Headers /Users/Skyler/Downloads/freetype-2.4.10/include /Library/Frameworks/SDL_image.framework/Headers";
				WRAPPER_EXTENSION = app;
			};
			name = Debug;
		};
		D421438415C13271004B2450 /* Release */ = {
			isa = XCBuildConfiguration;
			buildSettings = {
				ALWAYS_SEARCH_USER_PATHS = YES;
				ARCHS = "$(ARCHS_STANDARD_64_BIT)";
				FRAMEWORK_SEARCH_PATHS = "";
				FRAMEWORK_SEARCH_PATHS_QUOTED_FOR_TARGET_1 = "\"$(SRCROOT)/Frameworks\"";
				FRAMEWORK_SEARCH_PATHS_QUOTED_FOR_TARGET_2 = "\"$(SRCROOT)\"";
				FRAMEWORK_SEARCH_PATHS_QUOTED_FOR_TARGET_3 = "\"$(SRCROOT)/Frameworks\"";
				GCC_PRECOMPILE_PREFIX_HEADER = YES;
				GCC_PREFIX_HEADER = "Engine/Engine-Prefix.pch";
				GCC_VERSION = com.apple.compilers.llvm.clang.1_0;
				HEADER_SEARCH_PATHS = (
					/Library/Frameworks/SDL.framework/Headers,
					"/Users/Skyler/Downloads/ftgl-2.1.3~rc5/src",
					/Library/Frameworks/SDL_image.framework/Headers,
					/Library/Frameworks/FreeType.framework/Headers,
					/Library/Frameworks/SDL_ttf.framework/Headers,
					/Users/Skyler/Documents/programming/Engine,
				);
				INFOPLIST_FILE = "Engine/Engine-Info.plist";
				MACOSX_DEPLOYMENT_TARGET = 10.5;
				OTHER_LDFLAGS = "-lz";
				PRODUCT_NAME = "$(TARGET_NAME)";
				REZ_SEARCH_PATHS = "$(inherited)";
				RUN_CLANG_STATIC_ANALYZER = YES;
				SCAN_ALL_SOURCE_FILES_FOR_INCLUDES = YES;
				USER_HEADER_SEARCH_PATHS = "/Library/Frameworks/SDL.framework/Headers /Users/Skyler/Downloads/freetype-2.4.10/include /Library/Frameworks/SDL_image.framework/Headers";
				WRAPPER_EXTENSION = app;
			};
			name = Release;
		};
/* End XCBuildConfiguration section */

/* Begin XCConfigurationList section */
		D421435E15C13270004B2450 /* Build configuration list for PBXProject "Engine" */ = {
			isa = XCConfigurationList;
			buildConfigurations = (
				D421438015C13271004B2450 /* Debug */,
				D421438115C13271004B2450 /* Release */,
			);
			defaultConfigurationIsVisible = 0;
			defaultConfigurationName = Release;
		};
		D421438215C13271004B2450 /* Build configuration list for PBXNativeTarget "Engine" */ = {
			isa = XCConfigurationList;
			buildConfigurations = (
				D421438315C13271004B2450 /* Debug */,
				D421438415C13271004B2450 /* Release */,
			);
			defaultConfigurationIsVisible = 0;
			defaultConfigurationName = Release;
		};
/* End XCConfigurationList section */
	};
	rootObject = D421435B15C13270004B2450 /* Project object */;
}
