// !$*UTF8*$!
{
	archiveVersion = 1;
	classes = {
	};
	objectVersion = 46;
	objects = {

/* Begin PBXBuildFile section */
		D41CE21215C8FE02001716DE /* FrameRate.cpp in Sources */ = {isa = PBXBuildFile; fileRef = D41CE21115C8FE02001716DE /* FrameRate.cpp */; };
		D41CE21615C92E43001716DE /* Player.cpp in Sources */ = {isa = PBXBuildFile; fileRef = D41CE21515C92E43001716DE /* Player.cpp */; };
		D421436915C13270004B2450 /* Cocoa.framework in Frameworks */ = {isa = PBXBuildFile; fileRef = D421436815C13270004B2450 /* Cocoa.framework */; };
		D421437315C13271004B2450 /* InfoPlist.strings in Resources */ = {isa = PBXBuildFile; fileRef = D421437115C13271004B2450 /* InfoPlist.strings */; };
		D421437915C13271004B2450 /* Credits.rtf in Resources */ = {isa = PBXBuildFile; fileRef = D421437715C13271004B2450 /* Credits.rtf */; };
		D421438615C13303004B2450 /* SDL.framework in Frameworks */ = {isa = PBXBuildFile; fileRef = D421438515C13303004B2450 /* SDL.framework */; };
		D421438815C13341004B2450 /* SDLMain.m in Sources */ = {isa = PBXBuildFile; fileRef = D421438715C13341004B2450 /* SDLMain.m */; };
		D421438B15C13412004B2450 /* SDL.framework in CopyFiles */ = {isa = PBXBuildFile; fileRef = D421438515C13303004B2450 /* SDL.framework */; };
		D421438D15C13468004B2450 /* Main.cpp in Sources */ = {isa = PBXBuildFile; fileRef = D421438C15C13468004B2450 /* Main.cpp */; };
		D4719FB215C1D18100BF5195 /* Event.cpp in Sources */ = {isa = PBXBuildFile; fileRef = D4719FB115C1D18100BF5195 /* Event.cpp */; };
		D4719FB515C1D1B300BF5195 /* OnCleanup.cpp in Sources */ = {isa = PBXBuildFile; fileRef = D4719FB415C1D1B300BF5195 /* OnCleanup.cpp */; };
		D4719FB715C1D1D400BF5195 /* OnEvent.cpp in Sources */ = {isa = PBXBuildFile; fileRef = D4719FB615C1D1D400BF5195 /* OnEvent.cpp */; };
		D4719FB915C1D1DB00BF5195 /* OnInit.cpp in Sources */ = {isa = PBXBuildFile; fileRef = D4719FB815C1D1DB00BF5195 /* OnInit.cpp */; };
		D4719FBB15C1D1E300BF5195 /* OnLoop.cpp in Sources */ = {isa = PBXBuildFile; fileRef = D4719FBA15C1D1E300BF5195 /* OnLoop.cpp */; };
		D4719FBD15C1D1EB00BF5195 /* OnRender.cpp in Sources */ = {isa = PBXBuildFile; fileRef = D4719FBC15C1D1EB00BF5195 /* OnRender.cpp */; };
		D4719FBF15C1D1F500BF5195 /* Surface.cpp in Sources */ = {isa = PBXBuildFile; fileRef = D4719FBE15C1D1F500BF5195 /* Surface.cpp */; };
		D4719FC215C1D5FC00BF5195 /* Animation.cpp in Sources */ = {isa = PBXBuildFile; fileRef = D4719FC115C1D5FC00BF5195 /* Animation.cpp */; };
		D4719FC915C1E56E00BF5195 /* icon2.icns in Resources */ = {isa = PBXBuildFile; fileRef = D4719FC815C1E56E00BF5195 /* icon2.icns */; };
		D4719FCB15C1E99D00BF5195 /* Entity.cpp in Sources */ = {isa = PBXBuildFile; fileRef = D4719FCA15C1E99D00BF5195 /* Entity.cpp */; };
		D48878C315C3C96C0030F893 /* SDL_image.framework in Frameworks */ = {isa = PBXBuildFile; fileRef = D48878C215C3C96C0030F893 /* SDL_image.framework */; };
		D48878C515C3DCD80030F893 /* SDL_image.framework in CopyFiles */ = {isa = PBXBuildFile; fileRef = D48878C215C3C96C0030F893 /* SDL_image.framework */; };
		D49D251815E0559300161F6B /* RealFunctions.cpp in Sources */ = {isa = PBXBuildFile; fileRef = D49D251715E0559300161F6B /* RealFunctions.cpp */; };
		D4A82EB515DAFC2F0038F8AB /* SDL_ttf.framework in Frameworks */ = {isa = PBXBuildFile; fileRef = D4A82EB415DAFC2F0038F8AB /* SDL_ttf.framework */; };
		D4B8C02B15DB6AA200BCD37C /* FreeType.framework in Frameworks */ = {isa = PBXBuildFile; fileRef = D4B8C02A15DB6AA200BCD37C /* FreeType.framework */; };
		D4B8C02E15DB831000BCD37C /* ShaderUtils.cpp in Sources */ = {isa = PBXBuildFile; fileRef = D4B8C02D15DB831000BCD37C /* ShaderUtils.cpp */; };
		D4B9F2C515CB73B00060A51B /* OpenGL.framework in Frameworks */ = {isa = PBXBuildFile; fileRef = D4B9F2C415CB73B00060A51B /* OpenGL.framework */; };
		D4B9F2CB15CB81670060A51B /* Texture.cpp in Sources */ = {isa = PBXBuildFile; fileRef = D4B9F2CA15CB81670060A51B /* Texture.cpp */; };
		D4C69CBB15D238350014E486 /* Sprite.cpp in Sources */ = {isa = PBXBuildFile; fileRef = D4C69CBA15D238350014E486 /* Sprite.cpp */; };
		D4CDB73E15D60E9600B82BEF /* Vector.cpp in Sources */ = {isa = PBXBuildFile; fileRef = D4CDB73D15D60E9600B82BEF /* Vector.cpp */; };
		D4CDB74415D72C0700B82BEF /* TextRender.cpp in Sources */ = {isa = PBXBuildFile; fileRef = D4CDB74315D72C0700B82BEF /* TextRender.cpp */; };
		D4D305C815D9DC5800CF2984 /* FontManager.cpp in Sources */ = {isa = PBXBuildFile; fileRef = D4D305C715D9DC5800CF2984 /* FontManager.cpp */; };
		D4D36D3015C39B37005C4E4C /* Area.cpp in Sources */ = {isa = PBXBuildFile; fileRef = D4D36D2F15C39B37005C4E4C /* Area.cpp */; };
		D4D36D3515C39B76005C4E4C /* Map.cpp in Sources */ = {isa = PBXBuildFile; fileRef = D4D36D3415C39B76005C4E4C /* Map.cpp */; };
		D4D36D3815C39B95005C4E4C /* Tile.cpp in Sources */ = {isa = PBXBuildFile; fileRef = D4D36D3715C39B95005C4E4C /* Tile.cpp */; };
		D4D36D3B15C3B1EE005C4E4C /* Camera.cpp in Sources */ = {isa = PBXBuildFile; fileRef = D4D36D3A15C3B1EE005C4E4C /* Camera.cpp */; };
/* End PBXBuildFile section */

/* Begin PBXCopyFilesBuildPhase section */
		D421438A15C133FE004B2450 /* CopyFiles */ = {
			isa = PBXCopyFilesBuildPhase;
			buildActionMask = 2147483647;
			dstPath = "";
			dstSubfolderSpec = 10;
			files = (
				D421438B15C13412004B2450 /* SDL.framework in CopyFiles */,
				D48878C515C3DCD80030F893 /* SDL_image.framework in CopyFiles */,
			);
			runOnlyForDeploymentPostprocessing = 0;
		};
/* End PBXCopyFilesBuildPhase section */

/* Begin PBXFileReference section */
		D41CE21115C8FE02001716DE /* FrameRate.cpp */ = {isa = PBXFileReference; fileEncoding = 4; lastKnownFileType = sourcecode.cpp.cpp; path = FrameRate.cpp; sourceTree = "<group>"; };
		D41CE21415C8FE16001716DE /* FrameRate.h */ = {isa = PBXFileReference; lastKnownFileType = sourcecode.c.h; path = FrameRate.h; sourceTree = "<group>"; };
		D41CE21515C92E43001716DE /* Player.cpp */ = {isa = PBXFileReference; fileEncoding = 4; lastKnownFileType = sourcecode.cpp.cpp; path = Player.cpp; sourceTree = "<group>"; };
		D41CE21715C92E52001716DE /* Player.h */ = {isa = PBXFileReference; lastKnownFileType = sourcecode.c.h; path = Player.h; sourceTree = "<group>"; };
		D421436415C13270004B2450 /* Engine.app */ = {isa = PBXFileReference; explicitFileType = wrapper.application; includeInIndex = 0; path = Engine.app; sourceTree = BUILT_PRODUCTS_DIR; };
		D421436815C13270004B2450 /* Cocoa.framework */ = {isa = PBXFileReference; lastKnownFileType = wrapper.framework; name = Cocoa.framework; path = System/Library/Frameworks/Cocoa.framework; sourceTree = SDKROOT; };
		D421436B15C13270004B2450 /* AppKit.framework */ = {isa = PBXFileReference; lastKnownFileType = wrapper.framework; name = AppKit.framework; path = System/Library/Frameworks/AppKit.framework; sourceTree = SDKROOT; };
		D421436C15C13270004B2450 /* CoreData.framework */ = {isa = PBXFileReference; lastKnownFileType = wrapper.framework; name = CoreData.framework; path = System/Library/Frameworks/CoreData.framework; sourceTree = SDKROOT; };
		D421436D15C13270004B2450 /* Foundation.framework */ = {isa = PBXFileReference; lastKnownFileType = wrapper.framework; name = Foundation.framework; path = System/Library/Frameworks/Foundation.framework; sourceTree = SDKROOT; };
		D421437015C13271004B2450 /* Engine-Info.plist */ = {isa = PBXFileReference; lastKnownFileType = text.plist.xml; path = "Engine-Info.plist"; sourceTree = "<group>"; };
		D421437215C13271004B2450 /* en */ = {isa = PBXFileReference; lastKnownFileType = text.plist.strings; name = en; path = en.lproj/InfoPlist.strings; sourceTree = "<group>"; };
		D421437615C13271004B2450 /* Engine-Prefix.pch */ = {isa = PBXFileReference; lastKnownFileType = sourcecode.c.h; path = "Engine-Prefix.pch"; sourceTree = "<group>"; };
		D421437815C13271004B2450 /* en */ = {isa = PBXFileReference; lastKnownFileType = text.rtf; name = en; path = en.lproj/Credits.rtf; sourceTree = "<group>"; };
		D421438515C13303004B2450 /* SDL.framework */ = {isa = PBXFileReference; lastKnownFileType = wrapper.framework; name = SDL.framework; path = Library/Frameworks/SDL.framework; sourceTree = SDKROOT; };
		D421438715C13341004B2450 /* SDLMain.m */ = {isa = PBXFileReference; fileEncoding = 4; lastKnownFileType = sourcecode.c.objc; name = SDLMain.m; path = ../../../Downloads/SDLMain.m; sourceTree = "<group>"; };
		D421438915C1334B004B2450 /* SDLMain.h */ = {isa = PBXFileReference; fileEncoding = 4; lastKnownFileType = sourcecode.c.h; name = SDLMain.h; path = ../../../Downloads/SDLMain.h; sourceTree = "<group>"; };
		D421438C15C13468004B2450 /* Main.cpp */ = {isa = PBXFileReference; fileEncoding = 4; lastKnownFileType = sourcecode.cpp.cpp; path = Main.cpp; sourceTree = "<group>"; };
		D4719FAF15C1C51300BF5195 /* Main.h */ = {isa = PBXFileReference; lastKnownFileType = sourcecode.c.h; path = Main.h; sourceTree = "<group>"; };
		D4719FB115C1D18100BF5195 /* Event.cpp */ = {isa = PBXFileReference; fileEncoding = 4; lastKnownFileType = sourcecode.cpp.cpp; path = Event.cpp; sourceTree = "<group>"; };
		D4719FB315C1D19300BF5195 /* Event.h */ = {isa = PBXFileReference; fileEncoding = 4; lastKnownFileType = sourcecode.c.h; path = Event.h; sourceTree = "<group>"; };
		D4719FB415C1D1B300BF5195 /* OnCleanup.cpp */ = {isa = PBXFileReference; fileEncoding = 4; lastKnownFileType = sourcecode.cpp.cpp; path = OnCleanup.cpp; sourceTree = "<group>"; };
		D4719FB615C1D1D400BF5195 /* OnEvent.cpp */ = {isa = PBXFileReference; fileEncoding = 4; lastKnownFileType = sourcecode.cpp.cpp; path = OnEvent.cpp; sourceTree = "<group>"; };
		D4719FB815C1D1DB00BF5195 /* OnInit.cpp */ = {isa = PBXFileReference; fileEncoding = 4; lastKnownFileType = sourcecode.cpp.cpp; path = OnInit.cpp; sourceTree = "<group>"; };
		D4719FBA15C1D1E300BF5195 /* OnLoop.cpp */ = {isa = PBXFileReference; fileEncoding = 4; lastKnownFileType = sourcecode.cpp.cpp; path = OnLoop.cpp; sourceTree = "<group>"; };
		D4719FBC15C1D1EB00BF5195 /* OnRender.cpp */ = {isa = PBXFileReference; fileEncoding = 4; lastKnownFileType = sourcecode.cpp.cpp; path = OnRender.cpp; sourceTree = "<group>"; };
		D4719FBE15C1D1F500BF5195 /* Surface.cpp */ = {isa = PBXFileReference; fileEncoding = 4; lastKnownFileType = sourcecode.cpp.cpp; path = Surface.cpp; sourceTree = "<group>"; };
		D4719FC015C1D20000BF5195 /* Surface.h */ = {isa = PBXFileReference; fileEncoding = 4; lastKnownFileType = sourcecode.c.h; path = Surface.h; sourceTree = "<group>"; };
		D4719FC115C1D5FC00BF5195 /* Animation.cpp */ = {isa = PBXFileReference; fileEncoding = 4; lastKnownFileType = sourcecode.cpp.cpp; path = Animation.cpp; sourceTree = "<group>"; };
		D4719FC315C1D60600BF5195 /* Animation.h */ = {isa = PBXFileReference; fileEncoding = 4; lastKnownFileType = sourcecode.c.h; path = Animation.h; sourceTree = "<group>"; };
		D4719FC415C1E18200BF5195 /* icon.png */ = {isa = PBXFileReference; lastKnownFileType = image.png; path = icon.png; sourceTree = "<group>"; };
		D4719FC815C1E56E00BF5195 /* icon2.icns */ = {isa = PBXFileReference; lastKnownFileType = image.icns; path = icon2.icns; sourceTree = "<group>"; };
		D4719FCA15C1E99D00BF5195 /* Entity.cpp */ = {isa = PBXFileReference; fileEncoding = 4; lastKnownFileType = sourcecode.cpp.cpp; path = Entity.cpp; sourceTree = "<group>"; };
		D4719FCC15C1EAC600BF5195 /* Entity.h */ = {isa = PBXFileReference; lastKnownFileType = sourcecode.c.h; path = Entity.h; sourceTree = "<group>"; };
		D48878C215C3C96C0030F893 /* SDL_image.framework */ = {isa = PBXFileReference; lastKnownFileType = wrapper.framework; name = SDL_image.framework; path = Library/Frameworks/SDL_image.framework; sourceTree = SDKROOT; };
		D49D251415E0447600161F6B /* RealFunctions.h */ = {isa = PBXFileReference; lastKnownFileType = sourcecode.c.h; path = RealFunctions.h; sourceTree = "<group>"; };
		D49D251615E0491D00161F6B /* Value.h */ = {isa = PBXFileReference; lastKnownFileType = sourcecode.c.h; path = Value.h; sourceTree = "<group>"; };
		D49D251715E0559300161F6B /* RealFunctions.cpp */ = {isa = PBXFileReference; fileEncoding = 4; lastKnownFileType = sourcecode.cpp.cpp; path = RealFunctions.cpp; sourceTree = "<group>"; };
		D4A82EB415DAFC2F0038F8AB /* SDL_ttf.framework */ = {isa = PBXFileReference; lastKnownFileType = wrapper.framework; name = SDL_ttf.framework; path = Library/Frameworks/SDL_ttf.framework; sourceTree = SDKROOT; };
		D4B8C02A15DB6AA200BCD37C /* FreeType.framework */ = {isa = PBXFileReference; lastKnownFileType = wrapper.framework; name = FreeType.framework; path = Library/Frameworks/FreeType.framework; sourceTree = SDKROOT; };
		D4B8C02C15DB82BD00BCD37C /* ShaderUtils.h */ = {isa = PBXFileReference; lastKnownFileType = sourcecode.c.h; path = ShaderUtils.h; sourceTree = "<group>"; };
		D4B8C02D15DB831000BCD37C /* ShaderUtils.cpp */ = {isa = PBXFileReference; fileEncoding = 4; lastKnownFileType = sourcecode.cpp.cpp; path = ShaderUtils.cpp; sourceTree = "<group>"; };
		D4B9F2C415CB73B00060A51B /* OpenGL.framework */ = {isa = PBXFileReference; lastKnownFileType = wrapper.framework; name = OpenGL.framework; path = System/Library/Frameworks/OpenGL.framework; sourceTree = SDKROOT; };
		D4B9F2CA15CB81670060A51B /* Texture.cpp */ = {isa = PBXFileReference; fileEncoding = 4; lastKnownFileType = sourcecode.cpp.cpp; path = Texture.cpp; sourceTree = "<group>"; };
		D4B9F2CC15CB81750060A51B /* Texture.h */ = {isa = PBXFileReference; lastKnownFileType = sourcecode.c.h; path = Texture.h; sourceTree = "<group>"; };
		D4C69CBA15D238350014E486 /* Sprite.cpp */ = {isa = PBXFileReference; fileEncoding = 4; lastKnownFileType = sourcecode.cpp.cpp; path = Sprite.cpp; sourceTree = "<group>"; };
		D4C69CBD15D2387F0014E486 /* Sprite.h */ = {isa = PBXFileReference; lastKnownFileType = sourcecode.c.h; path = Sprite.h; sourceTree = "<group>"; };
		D4CDB73C15D5E59A00B82BEF /* Vector.h */ = {isa = PBXFileReference; lastKnownFileType = sourcecode.c.h; path = Vector.h; sourceTree = "<group>"; };
		D4CDB73D15D60E9600B82BEF /* Vector.cpp */ = {isa = PBXFileReference; fileEncoding = 4; lastKnownFileType = sourcecode.cpp.cpp; path = Vector.cpp; sourceTree = "<group>"; };
		D4CDB74215D72B9D00B82BEF /* TextRender.h */ = {isa = PBXFileReference; lastKnownFileType = sourcecode.c.h; path = TextRender.h; sourceTree = "<group>"; };
		D4CDB74315D72C0700B82BEF /* TextRender.cpp */ = {isa = PBXFileReference; fileEncoding = 4; lastKnownFileType = sourcecode.cpp.cpp; path = TextRender.cpp; sourceTree = "<group>"; };
		D4D305C615D9D73A00CF2984 /* FontManager.h */ = {isa = PBXFileReference; lastKnownFileType = sourcecode.c.h; path = FontManager.h; sourceTree = "<group>"; };
		D4D305C715D9DC5800CF2984 /* FontManager.cpp */ = {isa = PBXFileReference; fileEncoding = 4; lastKnownFileType = sourcecode.cpp.cpp; path = FontManager.cpp; sourceTree = "<group>"; };
		D4D36D2F15C39B37005C4E4C /* Area.cpp */ = {isa = PBXFileReference; fileEncoding = 4; lastKnownFileType = sourcecode.cpp.cpp; path = Area.cpp; sourceTree = "<group>"; };
		D4D36D3215C39B4A005C4E4C /* Area.h */ = {isa = PBXFileReference; lastKnownFileType = sourcecode.c.h; path = Area.h; sourceTree = "<group>"; };
		D4D36D3315C39B63005C4E4C /* Define.h */ = {isa = PBXFileReference; lastKnownFileType = sourcecode.c.h; path = Define.h; sourceTree = "<group>"; };
		D4D36D3415C39B76005C4E4C /* Map.cpp */ = {isa = PBXFileReference; fileEncoding = 4; lastKnownFileType = sourcecode.cpp.cpp; path = Map.cpp; sourceTree = "<group>"; };
		D4D36D3615C39B82005C4E4C /* Map.h */ = {isa = PBXFileReference; lastKnownFileType = sourcecode.c.h; path = Map.h; sourceTree = "<group>"; };
		D4D36D3715C39B95005C4E4C /* Tile.cpp */ = {isa = PBXFileReference; fileEncoding = 4; lastKnownFileType = sourcecode.cpp.cpp; path = Tile.cpp; sourceTree = "<group>"; };
		D4D36D3915C39BA0005C4E4C /* Tile.h */ = {isa = PBXFileReference; lastKnownFileType = sourcecode.c.h; path = Tile.h; sourceTree = "<group>"; };
		D4D36D3A15C3B1EE005C4E4C /* Camera.cpp */ = {isa = PBXFileReference; fileEncoding = 4; lastKnownFileType = sourcecode.cpp.cpp; path = Camera.cpp; sourceTree = "<group>"; };
		D4D36D3C15C3B1FC005C4E4C /* Camera.h */ = {isa = PBXFileReference; lastKnownFileType = sourcecode.c.h; path = Camera.h; sourceTree = "<group>"; };
		D4EE17C015D30C2500348E04 /* Debug.h */ = {isa = PBXFileReference; lastKnownFileType = sourcecode.c.h; path = Debug.h; sourceTree = "<group>"; };
/* End PBXFileReference section */

/* Begin PBXFrameworksBuildPhase section */
		D421436115C13270004B2450 /* Frameworks */ = {
			isa = PBXFrameworksBuildPhase;
			buildActionMask = 2147483647;
			files = (
				D4B8C02B15DB6AA200BCD37C /* FreeType.framework in Frameworks */,
				D4A82EB515DAFC2F0038F8AB /* SDL_ttf.framework in Frameworks */,
				D4B9F2C515CB73B00060A51B /* OpenGL.framework in Frameworks */,
				D48878C315C3C96C0030F893 /* SDL_image.framework in Frameworks */,
				D421438615C13303004B2450 /* SDL.framework in Frameworks */,
				D421436915C13270004B2450 /* Cocoa.framework in Frameworks */,
			);
			runOnlyForDeploymentPostprocessing = 0;
		};
/* End PBXFrameworksBuildPhase section */

/* Begin PBXGroup section */
		D421435915C13270004B2450 = {
			isa = PBXGroup;
			children = (
				D4B8C02A15DB6AA200BCD37C /* FreeType.framework */,
				D4A82EB415DAFC2F0038F8AB /* SDL_ttf.framework */,
				D4B9F2C415CB73B00060A51B /* OpenGL.framework */,
				D4719FC815C1E56E00BF5195 /* icon2.icns */,
				D4719FC415C1E18200BF5195 /* icon.png */,
				D421438915C1334B004B2450 /* SDLMain.h */,
				D421438715C13341004B2450 /* SDLMain.m */,
				D421436E15C13271004B2450 /* Engine */,
				D421436715C13270004B2450 /* Frameworks */,
				D421436515C13270004B2450 /* Products */,
			);
			sourceTree = "<group>";
			usesTabs = 0;
		};
		D421436515C13270004B2450 /* Products */ = {
			isa = PBXGroup;
			children = (
				D421436415C13270004B2450 /* Engine.app */,
			);
			name = Products;
			sourceTree = "<group>";
		};
		D421436715C13270004B2450 /* Frameworks */ = {
			isa = PBXGroup;
			children = (
				D48878C215C3C96C0030F893 /* SDL_image.framework */,
				D421438515C13303004B2450 /* SDL.framework */,
				D421436815C13270004B2450 /* Cocoa.framework */,
				D421436A15C13270004B2450 /* Other Frameworks */,
			);
			name = Frameworks;
			sourceTree = "<group>";
		};
		D421436A15C13270004B2450 /* Other Frameworks */ = {
			isa = PBXGroup;
			children = (
				D421436B15C13270004B2450 /* AppKit.framework */,
				D421436C15C13270004B2450 /* CoreData.framework */,
				D421436D15C13270004B2450 /* Foundation.framework */,
			);
			name = "Other Frameworks";
			sourceTree = "<group>";
		};
		D421436E15C13271004B2450 /* Engine */ = {
			isa = PBXGroup;
			children = (
				D4719FC115C1D5FC00BF5195 /* Animation.cpp */,
				D4D36D2F15C39B37005C4E4C /* Area.cpp */,
				D4D36D3A15C3B1EE005C4E4C /* Camera.cpp */,
				D4719FCA15C1E99D00BF5195 /* Entity.cpp */,
				D4719FB115C1D18100BF5195 /* Event.cpp */,
				D41CE21115C8FE02001716DE /* FrameRate.cpp */,
				D421438C15C13468004B2450 /* Main.cpp */,
				D4D36D3415C39B76005C4E4C /* Map.cpp */,
				D4719FB415C1D1B300BF5195 /* OnCleanup.cpp */,
				D4719FB615C1D1D400BF5195 /* OnEvent.cpp */,
				D4719FB815C1D1DB00BF5195 /* OnInit.cpp */,
				D4719FBA15C1D1E300BF5195 /* OnLoop.cpp */,
				D4719FBC15C1D1EB00BF5195 /* OnRender.cpp */,
				D41CE21515C92E43001716DE /* Player.cpp */,
				D4C69CBA15D238350014E486 /* Sprite.cpp */,
				D4719FBE15C1D1F500BF5195 /* Surface.cpp */,
				D4B9F2CA15CB81670060A51B /* Texture.cpp */,
				D4D36D3715C39B95005C4E4C /* Tile.cpp */,
				D4719FC315C1D60600BF5195 /* Animation.h */,
				D4D36D3215C39B4A005C4E4C /* Area.h */,
				D4D36D3C15C3B1FC005C4E4C /* Camera.h */,
				D4EE17C015D30C2500348E04 /* Debug.h */,
				D4D36D3315C39B63005C4E4C /* Define.h */,
				D4719FCC15C1EAC600BF5195 /* Entity.h */,
				D4719FB315C1D19300BF5195 /* Event.h */,
				D41CE21415C8FE16001716DE /* FrameRate.h */,
				D4719FAF15C1C51300BF5195 /* Main.h */,
				D4D36D3615C39B82005C4E4C /* Map.h */,
				D41CE21715C92E52001716DE /* Player.h */,
				D4C69CBD15D2387F0014E486 /* Sprite.h */,
				D4719FC015C1D20000BF5195 /* Surface.h */,
				D4B9F2CC15CB81750060A51B /* Texture.h */,
				D4D36D3915C39BA0005C4E4C /* Tile.h */,
				D421436F15C13271004B2450 /* Supporting Files */,
				D4CDB73C15D5E59A00B82BEF /* Vector.h */,
				D4CDB73D15D60E9600B82BEF /* Vector.cpp */,
				D4CDB74215D72B9D00B82BEF /* TextRender.h */,
				D4CDB74315D72C0700B82BEF /* TextRender.cpp */,
				D4D305C615D9D73A00CF2984 /* FontManager.h */,
				D4D305C715D9DC5800CF2984 /* FontManager.cpp */,
				D4B8C02C15DB82BD00BCD37C /* ShaderUtils.h */,
				D4B8C02D15DB831000BCD37C /* ShaderUtils.cpp */,
				D49D251415E0447600161F6B /* RealFunctions.h */,
				D49D251615E0491D00161F6B /* Value.h */,
				D49D251715E0559300161F6B /* RealFunctions.cpp */,
			);
			path = Engine;
			sourceTree = "<group>";
		};
		D421436F15C13271004B2450 /* Supporting Files */ = {
			isa = PBXGroup;
			children = (
				D421437015C13271004B2450 /* Engine-Info.plist */,
				D421437115C13271004B2450 /* InfoPlist.strings */,
				D421437615C13271004B2450 /* Engine-Prefix.pch */,
				D421437715C13271004B2450 /* Credits.rtf */,
			);
			name = "Supporting Files";
			sourceTree = "<group>";
		};
/* End PBXGroup section */

/* Begin PBXNativeTarget section */
		D421436315C13270004B2450 /* Engine */ = {
			isa = PBXNativeTarget;
			buildConfigurationList = D421438215C13271004B2450 /* Build configuration list for PBXNativeTarget "Engine" */;
			buildPhases = (
				D421436015C13270004B2450 /* Sources */,
				D421436115C13270004B2450 /* Frameworks */,
				D421436215C13270004B2450 /* Resources */,
				D421438A15C133FE004B2450 /* CopyFiles */,
			);
			buildRules = (
			);
			dependencies = (
			);
			name = Engine;
			productName = Engine;
			productReference = D421436415C13270004B2450 /* Engine.app */;
			productType = "com.apple.product-type.application";
		};
/* End PBXNativeTarget section */

/* Begin PBXProject section */
		D421435B15C13270004B2450 /* Project object */ = {
			isa = PBXProject;
			attributes = {
				LastUpgradeCheck = 0430;
			};
			buildConfigurationList = D421435E15C13270004B2450 /* Build configuration list for PBXProject "Engine" */;
			compatibilityVersion = "Xcode 3.2";
			developmentRegion = English;
			hasScannedForEncodings = 0;
			knownRegions = (
				en,
			);
			mainGroup = D421435915C13270004B2450;
			productRefGroup = D421436515C13270004B2450 /* Products */;
			projectDirPath = "";
			projectRoot = "";
			targets = (
				D421436315C13270004B2450 /* Engine */,
			);
		};
/* End PBXProject section */

/* Begin PBXResourcesBuildPhase section */
		D421436215C13270004B2450 /* Resources */ = {
			isa = PBXResourcesBuildPhase;
			buildActionMask = 2147483647;
			files = (
				D421437315C13271004B2450 /* InfoPlist.strings in Resources */,
				D421437915C13271004B2450 /* Credits.rtf in Resources */,
				D4719FC915C1E56E00BF5195 /* icon2.icns in Resources */,
			);
			runOnlyForDeploymentPostprocessing = 0;
		};
/* End PBXResourcesBuildPhase section */

/* Begin PBXSourcesBuildPhase section */
		D421436015C13270004B2450 /* Sources */ = {
			isa = PBXSourcesBuildPhase;
			buildActionMask = 2147483647;
			files = (
				D421438815C13341004B2450 /* SDLMain.m in Sources */,
				D421438D15C13468004B2450 /* Main.cpp in Sources */,
				D4719FB215C1D18100BF5195 /* Event.cpp in Sources */,
				D4719FB515C1D1B300BF5195 /* OnCleanup.cpp in Sources */,
				D4719FB715C1D1D400BF5195 /* OnEvent.cpp in Sources */,
				D4719FB915C1D1DB00BF5195 /* OnInit.cpp in Sources */,
				D4719FBB15C1D1E300BF5195 /* OnLoop.cpp in Sources */,
				D4719FBD15C1D1EB00BF5195 /* OnRender.cpp in Sources */,
				D4719FBF15C1D1F500BF5195 /* Surface.cpp in Sources */,
				D4719FC215C1D5FC00BF5195 /* Animation.cpp in Sources */,
				D4719FCB15C1E99D00BF5195 /* Entity.cpp in Sources */,
				D4D36D3015C39B37005C4E4C /* Area.cpp in Sources */,
				D4D36D3515C39B76005C4E4C /* Map.cpp in Sources */,
				D4D36D3815C39B95005C4E4C /* Tile.cpp in Sources */,
				D4D36D3B15C3B1EE005C4E4C /* Camera.cpp in Sources */,
				D41CE21215C8FE02001716DE /* FrameRate.cpp in Sources */,
				D41CE21615C92E43001716DE /* Player.cpp in Sources */,
				D4B9F2CB15CB81670060A51B /* Texture.cpp in Sources */,
				D4C69CBB15D238350014E486 /* Sprite.cpp in Sources */,
				D4CDB73E15D60E9600B82BEF /* Vector.cpp in Sources */,
				D4CDB74415D72C0700B82BEF /* TextRender.cpp in Sources */,
				D4D305C815D9DC5800CF2984 /* FontManager.cpp in Sources */,
				D4B8C02E15DB831000BCD37C /* ShaderUtils.cpp in Sources */,
				D49D251815E0559300161F6B /* RealFunctions.cpp in Sources */,
			);
			runOnlyForDeploymentPostprocessing = 0;
		};
/* End PBXSourcesBuildPhase section */

/* Begin PBXVariantGroup section */
		D421437115C13271004B2450 /* InfoPlist.strings */ = {
			isa = PBXVariantGroup;
			children = (
				D421437215C13271004B2450 /* en */,
			);
			name = InfoPlist.strings;
			sourceTree = "<group>";
		};
		D421437715C13271004B2450 /* Credits.rtf */ = {
			isa = PBXVariantGroup;
			children = (
				D421437815C13271004B2450 /* en */,
			);
			name = Credits.rtf;
			sourceTree = "<group>";
		};
/* End PBXVariantGroup section */

/* Begin XCBuildConfiguration section */
		D421438015C13271004B2450 /* Debug */ = {
			isa = XCBuildConfiguration;
			buildSettings = {
				ALWAYS_SEARCH_USER_PATHS = NO;
				ARCHS = "$(ARCHS_STANDARD_64_BIT)";
				COPY_PHASE_STRIP = NO;
				GCC_C_LANGUAGE_STANDARD = gnu99;
				GCC_DYNAMIC_NO_PIC = NO;
				GCC_ENABLE_OBJC_EXCEPTIONS = YES;
				GCC_OPTIMIZATION_LEVEL = 0;
				GCC_PREPROCESSOR_DEFINITIONS = (
					"DEBUG=1",
					"$(inherited)",
				);
				GCC_SYMBOLS_PRIVATE_EXTERN = NO;
				GCC_VERSION = com.apple.compilers.llvm.clang.1_0;
				GCC_WARN_64_TO_32_BIT_CONVERSION = YES;
				GCC_WARN_ABOUT_RETURN_TYPE = YES;
				GCC_WARN_UNINITIALIZED_AUTOS = YES;
				GCC_WARN_UNUSED_VARIABLE = YES;
				MACOSX_DEPLOYMENT_TARGET = 10.7;
				ONLY_ACTIVE_ARCH = YES;
				SDKROOT = macosx;
			};
			name = Debug;
		};
		D421438115C13271004B2450 /* Release */ = {
			isa = XCBuildConfiguration;
			buildSettings = {
				ALWAYS_SEARCH_USER_PATHS = NO;
				ARCHS = "$(ARCHS_STANDARD_64_BIT)";
				COPY_PHASE_STRIP = YES;
				DEBUG_INFORMATION_FORMAT = "dwarf-with-dsym";
				GCC_C_LANGUAGE_STANDARD = gnu99;
				GCC_ENABLE_OBJC_EXCEPTIONS = YES;
				GCC_VERSION = com.apple.compilers.llvm.clang.1_0;
				GCC_WARN_64_TO_32_BIT_CONVERSION = YES;
				GCC_WARN_ABOUT_RETURN_TYPE = YES;
				GCC_WARN_UNINITIALIZED_AUTOS = YES;
				GCC_WARN_UNUSED_VARIABLE = YES;
				MACOSX_DEPLOYMENT_TARGET = 10.7;
				SDKROOT = macosx;
			};
			name = Release;
		};
		D421438315C13271004B2450 /* Debug */ = {
			isa = XCBuildConfiguration;
			buildSettings = {
				ALWAYS_SEARCH_USER_PATHS = YES;
				ARCHS = "$(ARCHS_STANDARD_64_BIT)";
				FRAMEWORK_SEARCH_PATHS = "";
				FRAMEWORK_SEARCH_PATHS_QUOTED_FOR_TARGET_1 = "\"$(SRCROOT)/Frameworks\"";
				FRAMEWORK_SEARCH_PATHS_QUOTED_FOR_TARGET_2 = "\"$(SRCROOT)\"";
				FRAMEWORK_SEARCH_PATHS_QUOTED_FOR_TARGET_3 = "\"$(SRCROOT)/Frameworks\"";
				GCC_PRECOMPILE_PREFIX_HEADER = YES;
				GCC_PREFIX_HEADER = "Engine/Engine-Prefix.pch";
				GCC_VERSION = com.apple.compilers.llvm.clang.1_0;
				HEADER_SEARCH_PATHS = (
					/Library/Frameworks/SDL.framework/Headers,
					"/Users/Skyler/Downloads/ftgl-2.1.3~rc5/src",
					/Library/Frameworks/SDL_image.framework/Headers,
					/Library/Frameworks/FreeType.framework/Headers,
					/Library/Frameworks/SDL_ttf.framework/Headers,
				);
				INFOPLIST_FILE = "Engine/Engine-Info.plist";
				MACOSX_DEPLOYMENT_TARGET = 10.5;
				ONLY_ACTIVE_ARCH = YES;
				OTHER_LDFLAGS = "-lz";
				PRODUCT_NAME = "$(TARGET_NAME)";
				REZ_SEARCH_PATHS = "$(inherited)";
				RUN_CLANG_STATIC_ANALYZER = YES;
				SCAN_ALL_SOURCE_FILES_FOR_INCLUDES = YES;
				USER_HEADER_SEARCH_PATHS = "/Library/Frameworks/SDL.framework/Headers /Users/Skyler/Downloads/freetype-2.4.10/include /Library/Frameworks/SDL_image.framework/Headers";
				WRAPPER_EXTENSION = app;
			};
			name = Debug;
		};
		D421438415C13271004B2450 /* Release */ = {
			isa = XCBuildConfiguration;
			buildSettings = {
				ALWAYS_SEARCH_USER_PATHS = YES;
				ARCHS = "$(ARCHS_STANDARD_64_BIT)";
				FRAMEWORK_SEARCH_PATHS = "";
				FRAMEWORK_SEARCH_PATHS_QUOTED_FOR_TARGET_1 = "\"$(SRCROOT)/Frameworks\"";
				FRAMEWORK_SEARCH_PATHS_QUOTED_FOR_TARGET_2 = "\"$(SRCROOT)\"";
				FRAMEWORK_SEARCH_PATHS_QUOTED_FOR_TARGET_3 = "\"$(SRCROOT)/Frameworks\"";
				GCC_PRECOMPILE_PREFIX_HEADER = YES;
				GCC_PREFIX_HEADER = "Engine/Engine-Prefix.pch";
				GCC_VERSION = com.apple.compilers.llvm.clang.1_0;
				HEADER_SEARCH_PATHS = (
					/Library/Frameworks/SDL.framework/Headers,
					"/Users/Skyler/Downloads/ftgl-2.1.3~rc5/src",
					/Library/Frameworks/SDL_image.framework/Headers,
					/Library/Frameworks/FreeType.framework/Headers,
					/Library/Frameworks/SDL_ttf.framework/Headers,
				);
				INFOPLIST_FILE = "Engine/Engine-Info.plist";
				MACOSX_DEPLOYMENT_TARGET = 10.5;
				OTHER_LDFLAGS = "-lz";
				PRODUCT_NAME = "$(TARGET_NAME)";
				REZ_SEARCH_PATHS = "$(inherited)";
				RUN_CLANG_STATIC_ANALYZER = YES;
				SCAN_ALL_SOURCE_FILES_FOR_INCLUDES = YES;
				USER_HEADER_SEARCH_PATHS = "/Library/Frameworks/SDL.framework/Headers /Users/Skyler/Downloads/freetype-2.4.10/include /Library/Frameworks/SDL_image.framework/Headers";
				WRAPPER_EXTENSION = app;
			};
			name = Release;
		};
/* End XCBuildConfiguration section */

/* Begin XCConfigurationList section */
		D421435E15C13270004B2450 /* Build configuration list for PBXProject "Engine" */ = {
			isa = XCConfigurationList;
			buildConfigurations = (
				D421438015C13271004B2450 /* Debug */,
				D421438115C13271004B2450 /* Release */,
			);
			defaultConfigurationIsVisible = 0;
			defaultConfigurationName = Release;
		};
		D421438215C13271004B2450 /* Build configuration list for PBXNativeTarget "Engine" */ = {
			isa = XCConfigurationList;
			buildConfigurations = (
				D421438315C13271004B2450 /* Debug */,
				D421438415C13271004B2450 /* Release */,
			);
			defaultConfigurationIsVisible = 0;
			defaultConfigurationName = Release;
		};
/* End XCConfigurationList section */
	};
	rootObject = D421435B15C13270004B2450 /* Project object */;
}
